// !$*UTF8*$!
{
	archiveVersion = 1;
	classes = {
	};
	objectVersion = 48;
	objects = {

/* Begin PBXBuildFile section */
		205BCE823B4495497F2FCB93 /* Pods_BaseApp.framework in Frameworks */ = {isa = PBXBuildFile; fileRef = FE1DAB5DCF257C6C38C6F0A8 /* Pods_BaseApp.framework */; };
		DC0A1C7B211BCF6600E908EC /* WQContainerSafe.m in Sources */ = {isa = PBXBuildFile; fileRef = DC0A1C7A211BCF6600E908EC /* WQContainerSafe.m */; settings = {COMPILER_FLAGS = "-fno-objc-arc"; }; };
		DC0A1CF0211BEB8E00E908EC /* BaseTableViewController.m in Sources */ = {isa = PBXBuildFile; fileRef = DC0A1CEF211BEB8E00E908EC /* BaseTableViewController.m */; };
		DC0A1CF3211BEE5D00E908EC /* BaseCollectionViewController.m in Sources */ = {isa = PBXBuildFile; fileRef = DC0A1CF2211BEE5D00E908EC /* BaseCollectionViewController.m */; };
		DC0A1CF7211C1E0700E908EC /* BaseRequest.m in Sources */ = {isa = PBXBuildFile; fileRef = DC0A1CF6211C1E0700E908EC /* BaseRequest.m */; };
		DC111241224327A70010C3C5 /* UIImage+WebP.m in Sources */ = {isa = PBXBuildFile; fileRef = DC111202224327A60010C3C5 /* UIImage+WebP.m */; };
		DC111242224327A70010C3C5 /* MKAnnotationView+WebCache.m in Sources */ = {isa = PBXBuildFile; fileRef = DC111203224327A60010C3C5 /* MKAnnotationView+WebCache.m */; };
		DC111243224327A70010C3C5 /* SDWebImageManager.m in Sources */ = {isa = PBXBuildFile; fileRef = DC11120A224327A60010C3C5 /* SDWebImageManager.m */; };
		DC111244224327A70010C3C5 /* UIImageView+HighlightedWebCache.m in Sources */ = {isa = PBXBuildFile; fileRef = DC11120C224327A60010C3C5 /* UIImageView+HighlightedWebCache.m */; };
		DC111245224327A70010C3C5 /* SDWebImageFrame.m in Sources */ = {isa = PBXBuildFile; fileRef = DC11120D224327A60010C3C5 /* SDWebImageFrame.m */; };
		DC111246224327A70010C3C5 /* UIImage+ForceDecode.m in Sources */ = {isa = PBXBuildFile; fileRef = DC11120F224327A60010C3C5 /* UIImage+ForceDecode.m */; };
		DC111247224327A70010C3C5 /* SDWebImageCodersManager.m in Sources */ = {isa = PBXBuildFile; fileRef = DC111211224327A60010C3C5 /* SDWebImageCodersManager.m */; };
		DC111248224327A70010C3C5 /* FLAnimatedImageView+WebCache.m in Sources */ = {isa = PBXBuildFile; fileRef = DC111213224327A60010C3C5 /* FLAnimatedImageView+WebCache.m */; };
		DC111249224327A70010C3C5 /* SDWebImageDownloader.m in Sources */ = {isa = PBXBuildFile; fileRef = DC111216224327A60010C3C5 /* SDWebImageDownloader.m */; };
		DC11124A224327A70010C3C5 /* UIImage+GIF.m in Sources */ = {isa = PBXBuildFile; fileRef = DC111219224327A60010C3C5 /* UIImage+GIF.m */; };
		DC11124B224327A70010C3C5 /* UIImage+MultiFormat.m in Sources */ = {isa = PBXBuildFile; fileRef = DC11121B224327A60010C3C5 /* UIImage+MultiFormat.m */; };
		DC11124C224327A70010C3C5 /* SDWebImageCoderHelper.m in Sources */ = {isa = PBXBuildFile; fileRef = DC11121C224327A60010C3C5 /* SDWebImageCoderHelper.m */; };
		DC11124D224327A70010C3C5 /* SDWebImageCompat.m in Sources */ = {isa = PBXBuildFile; fileRef = DC11121D224327A60010C3C5 /* SDWebImageCompat.m */; };
		DC11124E224327A70010C3C5 /* SDWebImagePrefetcher.m in Sources */ = {isa = PBXBuildFile; fileRef = DC11121F224327A60010C3C5 /* SDWebImagePrefetcher.m */; };
		DC11124F224327A70010C3C5 /* SDWebImageCoder.m in Sources */ = {isa = PBXBuildFile; fileRef = DC111222224327A60010C3C5 /* SDWebImageCoder.m */; };
		DC111250224327A70010C3C5 /* NSButton+WebCache.m in Sources */ = {isa = PBXBuildFile; fileRef = DC111223224327A60010C3C5 /* NSButton+WebCache.m */; };
		DC111251224327A70010C3C5 /* SDAnimatedImageRep.m in Sources */ = {isa = PBXBuildFile; fileRef = DC111226224327A60010C3C5 /* SDAnimatedImageRep.m */; };
		DC111252224327A70010C3C5 /* SDImageCache.m in Sources */ = {isa = PBXBuildFile; fileRef = DC111227224327A60010C3C5 /* SDImageCache.m */; };
		DC111253224327A70010C3C5 /* SDWebImageDownloaderOperation.m in Sources */ = {isa = PBXBuildFile; fileRef = DC11122A224327A60010C3C5 /* SDWebImageDownloaderOperation.m */; };
		DC111254224327A70010C3C5 /* SDWebImageTransition.m in Sources */ = {isa = PBXBuildFile; fileRef = DC11122B224327A60010C3C5 /* SDWebImageTransition.m */; };
		DC111255224327A70010C3C5 /* NSData+ImageContentType.m in Sources */ = {isa = PBXBuildFile; fileRef = DC11122D224327A60010C3C5 /* NSData+ImageContentType.m */; };
		DC111256224327A70010C3C5 /* UIImageView+WebCache.m in Sources */ = {isa = PBXBuildFile; fileRef = DC11122E224327A60010C3C5 /* UIImageView+WebCache.m */; };
		DC111257224327A70010C3C5 /* NSImage+WebCache.m in Sources */ = {isa = PBXBuildFile; fileRef = DC111230224327A60010C3C5 /* NSImage+WebCache.m */; };
		DC111258224327A70010C3C5 /* SDWebImageGIFCoder.m in Sources */ = {isa = PBXBuildFile; fileRef = DC111231224327A60010C3C5 /* SDWebImageGIFCoder.m */; };
		DC111259224327A70010C3C5 /* UIImage+MemoryCacheCost.m in Sources */ = {isa = PBXBuildFile; fileRef = DC111233224327A60010C3C5 /* UIImage+MemoryCacheCost.m */; };
		DC11125A224327A70010C3C5 /* SDImageCacheConfig.m in Sources */ = {isa = PBXBuildFile; fileRef = DC111234224327A60010C3C5 /* SDImageCacheConfig.m */; };
		DC11125B224327A70010C3C5 /* UIView+WebCacheOperation.m in Sources */ = {isa = PBXBuildFile; fileRef = DC111237224327A60010C3C5 /* UIView+WebCacheOperation.m */; };
		DC11125C224327A70010C3C5 /* UIView+WebCache.m in Sources */ = {isa = PBXBuildFile; fileRef = DC111238224327A60010C3C5 /* UIView+WebCache.m */; };
		DC11125D224327A70010C3C5 /* SDWebImageImageIOCoder.m in Sources */ = {isa = PBXBuildFile; fileRef = DC11123A224327A60010C3C5 /* SDWebImageImageIOCoder.m */; };
		DC11125E224327A70010C3C5 /* UIButton+WebCache.m in Sources */ = {isa = PBXBuildFile; fileRef = DC11123E224327A70010C3C5 /* UIButton+WebCache.m */; };
		DC11125F224327A70010C3C5 /* SDWebImageWebPCoder.m in Sources */ = {isa = PBXBuildFile; fileRef = DC11123F224327A70010C3C5 /* SDWebImageWebPCoder.m */; };
		DC372776208DFF670021E402 /* BaseMBProgressHud.m in Sources */ = {isa = PBXBuildFile; fileRef = DC372775208DFF670021E402 /* BaseMBProgressHud.m */; };
		DC37277B208F047F0021E402 /* BaseNetWork.m in Sources */ = {isa = PBXBuildFile; fileRef = DC37277A208F047F0021E402 /* BaseNetWork.m */; };
		DC68C4112241EC0F0039FD87 /* BaseCYLTabBarController.m in Sources */ = {isa = PBXBuildFile; fileRef = DC68C4102241EC0F0039FD87 /* BaseCYLTabBarController.m */; };
		DC68C4142241F00E0039FD87 /* BaseCYLPlusButton.m in Sources */ = {isa = PBXBuildFile; fileRef = DC68C4132241F00E0039FD87 /* BaseCYLPlusButton.m */; };
		DC7262D2211ACC7C00B462A4 /* BaseMJGifHeader.m in Sources */ = {isa = PBXBuildFile; fileRef = DC7262D1211ACC7C00B462A4 /* BaseMJGifHeader.m */; };
		DC7262D5211ACCB400B462A4 /* BaseMJFooter.m in Sources */ = {isa = PBXBuildFile; fileRef = DC7262D4211ACCB400B462A4 /* BaseMJFooter.m */; };
		DC72636B211ACE3B00B462A4 /* UIImage+GetImageFormate.m in Sources */ = {isa = PBXBuildFile; fileRef = DC7262E8211ACE3900B462A4 /* UIImage+GetImageFormate.m */; };
		DC72636D211ACE3B00B462A4 /* UIImage+FixOrientation.m in Sources */ = {isa = PBXBuildFile; fileRef = DC7262EF211ACE3900B462A4 /* UIImage+FixOrientation.m */; };
		DC72636E211ACE3B00B462A4 /* NSObject+DictWithModel.m in Sources */ = {isa = PBXBuildFile; fileRef = DC7262F2211ACE3A00B462A4 /* NSObject+DictWithModel.m */; };
		DC726370211ACE3B00B462A4 /* UIButton+CreateButton.m in Sources */ = {isa = PBXBuildFile; fileRef = DC7262F6211ACE3A00B462A4 /* UIButton+CreateButton.m */; };
		DC726375211ACE3B00B462A4 /* NSDate+DateFormatter.m in Sources */ = {isa = PBXBuildFile; fileRef = DC726301211ACE3A00B462A4 /* NSDate+DateFormatter.m */; };
		DC726379211ACE3B00B462A4 /* NSArray+SafeIndex.m in Sources */ = {isa = PBXBuildFile; fileRef = DC72630A211ACE3A00B462A4 /* NSArray+SafeIndex.m */; };
		DC72637A211ACE3B00B462A4 /* NSMutableArray+SafeAdd.m in Sources */ = {isa = PBXBuildFile; fileRef = DC72630B211ACE3A00B462A4 /* NSMutableArray+SafeAdd.m */; };
		DC726391211ACE3B00B462A4 /* CALayer+Gradient.m in Sources */ = {isa = PBXBuildFile; fileRef = DC72633E211ACE3A00B462A4 /* CALayer+Gradient.m */; };
		DC726394211ACE3B00B462A4 /* UILabel+CreateLabel.m in Sources */ = {isa = PBXBuildFile; fileRef = DC726345211ACE3B00B462A4 /* UILabel+CreateLabel.m */; };
		DC726395211ACE3B00B462A4 /* UILabel+LineContent.m in Sources */ = {isa = PBXBuildFile; fileRef = DC726347211ACE3B00B462A4 /* UILabel+LineContent.m */; };
		DC726396211ACE3B00B462A4 /* UILabel+YBAttributeTextTapAction.m in Sources */ = {isa = PBXBuildFile; fileRef = DC726349211ACE3B00B462A4 /* UILabel+YBAttributeTextTapAction.m */; };
		DC72639B211ACE3B00B462A4 /* UIView+CornerRadius.m in Sources */ = {isa = PBXBuildFile; fileRef = DC726355211ACE3B00B462A4 /* UIView+CornerRadius.m */; };
		DC72639C211ACE3B00B462A4 /* UIView+Rotating.m in Sources */ = {isa = PBXBuildFile; fileRef = DC726356211ACE3B00B462A4 /* UIView+Rotating.m */; };
		DC72639D211ACE3B00B462A4 /* UIView+DrawDashLine.m in Sources */ = {isa = PBXBuildFile; fileRef = DC726358211ACE3B00B462A4 /* UIView+DrawDashLine.m */; };
		DC72639E211ACE3B00B462A4 /* ZTextView.m in Sources */ = {isa = PBXBuildFile; fileRef = DC72635C211ACE3B00B462A4 /* ZTextView.m */; };
		DC72639F211ACE3B00B462A4 /* UITextView+LineContent.m in Sources */ = {isa = PBXBuildFile; fileRef = DC72635D211ACE3B00B462A4 /* UITextView+LineContent.m */; };
		DC7263A0211ACE3B00B462A4 /* NSFileManager+Helper.m in Sources */ = {isa = PBXBuildFile; fileRef = DC726361211ACE3B00B462A4 /* NSFileManager+Helper.m */; };
		DC7263A3211ACF5F00B462A4 /* UIColor+Category.m in Sources */ = {isa = PBXBuildFile; fileRef = DC7263A2211ACF5F00B462A4 /* UIColor+Category.m */; };
		DC7263A6211AD10100B462A4 /* UIView+Frame.m in Sources */ = {isa = PBXBuildFile; fileRef = DC7263A5211AD10100B462A4 /* UIView+Frame.m */; };
		DC7263A9211AD13800B462A4 /* UIView+Shadow.m in Sources */ = {isa = PBXBuildFile; fileRef = DC7263A8211AD13800B462A4 /* UIView+Shadow.m */; };
		DC7263AC211AD2CB00B462A4 /* UIImage+SizeForUrl.m in Sources */ = {isa = PBXBuildFile; fileRef = DC7263AB211AD2CB00B462A4 /* UIImage+SizeForUrl.m */; };
		DC7263D9211AD5F500B462A4 /* NSString+IDFV.m in Sources */ = {isa = PBXBuildFile; fileRef = DC7263B1211AD5F400B462A4 /* NSString+IDFV.m */; };
		DC7263DB211AD5F500B462A4 /* NSString+NowTimeInterval.m in Sources */ = {isa = PBXBuildFile; fileRef = DC7263B5211AD5F400B462A4 /* NSString+NowTimeInterval.m */; };
		DC7263DC211AD5F500B462A4 /* NSString+IsCardId.m in Sources */ = {isa = PBXBuildFile; fileRef = DC7263B9211AD5F400B462A4 /* NSString+IsCardId.m */; };
		DC7263DD211AD5F500B462A4 /* NSString+ThousandString.m in Sources */ = {isa = PBXBuildFile; fileRef = DC7263BA211AD5F400B462A4 /* NSString+ThousandString.m */; };
		DC7263DE211AD5F500B462A4 /* SimulateIDFA.m in Sources */ = {isa = PBXBuildFile; fileRef = DC7263BD211AD5F400B462A4 /* SimulateIDFA.m */; };
		DC7263E2211AD5F500B462A4 /* NSString+CurrentDevice.m in Sources */ = {isa = PBXBuildFile; fileRef = DC7263C7211AD5F400B462A4 /* NSString+CurrentDevice.m */; };
		DC7263E3211AD5F500B462A4 /* NSString+IsEmail.m in Sources */ = {isa = PBXBuildFile; fileRef = DC7263C8211AD5F400B462A4 /* NSString+IsEmail.m */; };
		DC7263E4211AD5F500B462A4 /* NSString+IsBlackStr.m in Sources */ = {isa = PBXBuildFile; fileRef = DC7263CA211AD5F400B462A4 /* NSString+IsBlackStr.m */; };
		DC7263E5211AD5F500B462A4 /* NSString+IsPhoneNumber.m in Sources */ = {isa = PBXBuildFile; fileRef = DC7263CB211AD5F400B462A4 /* NSString+IsPhoneNumber.m */; };
		DC7263E6211AD5F500B462A4 /* NSString+MonthString.m in Sources */ = {isa = PBXBuildFile; fileRef = DC7263CE211AD5F400B462A4 /* NSString+MonthString.m */; };
		DC7263E7211AD5F500B462A4 /* NSString+RemoveEscapeChar.m in Sources */ = {isa = PBXBuildFile; fileRef = DC7263CF211AD5F400B462A4 /* NSString+RemoveEscapeChar.m */; };
		DC7263E8211AD5F500B462A4 /* NSString+MD5.m in Sources */ = {isa = PBXBuildFile; fileRef = DC7263D0211AD5F400B462A4 /* NSString+MD5.m */; };
		DC7263E9211AD5F500B462A4 /* NSString+DateToAge.m in Sources */ = {isa = PBXBuildFile; fileRef = DC7263D2211AD5F400B462A4 /* NSString+DateToAge.m */; };
		DC7263EA211AD5F500B462A4 /* NSString+Random.m in Sources */ = {isa = PBXBuildFile; fileRef = DC7263D3211AD5F400B462A4 /* NSString+Random.m */; };
		DC7263EF211AD6BE00B462A4 /* NSString+Json.m in Sources */ = {isa = PBXBuildFile; fileRef = DC7263EE211AD6BE00B462A4 /* NSString+Json.m */; };
		DC73203422437481003DD4DC /* WebP.framework in Frameworks */ = {isa = PBXBuildFile; fileRef = DC73203222437480003DD4DC /* WebP.framework */; };
		DC73203522437481003DD4DC /* WebP.sh in Resources */ = {isa = PBXBuildFile; fileRef = DC73203322437480003DD4DC /* WebP.sh */; };
		DC73203B22437E70003DD4DC /* WeatherModel.m in Sources */ = {isa = PBXBuildFile; fileRef = DC73203A22437E70003DD4DC /* WeatherModel.m */; };
		DC75E9432240964B00522D17 /* KeychainWrapper.m in Sources */ = {isa = PBXBuildFile; fileRef = DC75E9412240964B00522D17 /* KeychainWrapper.m */; };
		DCFA490D2089808B00AC8832 /* AppDelegate.m in Sources */ = {isa = PBXBuildFile; fileRef = DCFA490C2089808B00AC8832 /* AppDelegate.m */; };
		DCFA49152089808D00AC8832 /* Assets.xcassets in Resources */ = {isa = PBXBuildFile; fileRef = DCFA49142089808D00AC8832 /* Assets.xcassets */; };
		DCFA491B2089808D00AC8832 /* main.m in Sources */ = {isa = PBXBuildFile; fileRef = DCFA491A2089808D00AC8832 /* main.m */; };
		DCFA492E208B232B00AC8832 /* BaseNavigationController.m in Sources */ = {isa = PBXBuildFile; fileRef = DCFA492D208B232B00AC8832 /* BaseNavigationController.m */; };
		DCFA4931208B234C00AC8832 /* BaseTabBarController.m in Sources */ = {isa = PBXBuildFile; fileRef = DCFA4930208B234C00AC8832 /* BaseTabBarController.m */; };
		DCFA4934208B24A200AC8832 /* BaseViewController.m in Sources */ = {isa = PBXBuildFile; fileRef = DCFA4933208B24A200AC8832 /* BaseViewController.m */; };
		DCFA4939208B251800AC8832 /* HomeBaseController.m in Sources */ = {isa = PBXBuildFile; fileRef = DCFA4938208B251800AC8832 /* HomeBaseController.m */; };
		DCFA493C208B252500AC8832 /* MyBaseController.m in Sources */ = {isa = PBXBuildFile; fileRef = DCFA493B208B252500AC8832 /* MyBaseController.m */; };
/* End PBXBuildFile section */

/* Begin PBXFileReference section */
		3A39DD2F6B4C41841E1894ED /* Pods-BaseApp.release.xcconfig */ = {isa = PBXFileReference; includeInIndex = 1; lastKnownFileType = text.xcconfig; name = "Pods-BaseApp.release.xcconfig"; path = "Pods/Target Support Files/Pods-BaseApp/Pods-BaseApp.release.xcconfig"; sourceTree = "<group>"; };
		AC0BA497A2E66855E15822A9 /* Pods-BaseApp.debug.xcconfig */ = {isa = PBXFileReference; includeInIndex = 1; lastKnownFileType = text.xcconfig; name = "Pods-BaseApp.debug.xcconfig"; path = "Pods/Target Support Files/Pods-BaseApp/Pods-BaseApp.debug.xcconfig"; sourceTree = "<group>"; };
		DC0A1C7A211BCF6600E908EC /* WQContainerSafe.m */ = {isa = PBXFileReference; fileEncoding = 4; lastKnownFileType = sourcecode.c.objc; path = WQContainerSafe.m; sourceTree = "<group>"; };
		DC0A1CEE211BEB8E00E908EC /* BaseTableViewController.h */ = {isa = PBXFileReference; lastKnownFileType = sourcecode.c.h; path = BaseTableViewController.h; sourceTree = "<group>"; };
		DC0A1CEF211BEB8E00E908EC /* BaseTableViewController.m */ = {isa = PBXFileReference; lastKnownFileType = sourcecode.c.objc; path = BaseTableViewController.m; sourceTree = "<group>"; };
		DC0A1CF1211BEE5D00E908EC /* BaseCollectionViewController.h */ = {isa = PBXFileReference; lastKnownFileType = sourcecode.c.h; path = BaseCollectionViewController.h; sourceTree = "<group>"; };
		DC0A1CF2211BEE5D00E908EC /* BaseCollectionViewController.m */ = {isa = PBXFileReference; lastKnownFileType = sourcecode.c.objc; path = BaseCollectionViewController.m; sourceTree = "<group>"; };
		DC0A1CF5211C1E0700E908EC /* BaseRequest.h */ = {isa = PBXFileReference; lastKnownFileType = sourcecode.c.h; path = BaseRequest.h; sourceTree = "<group>"; };
		DC0A1CF6211C1E0700E908EC /* BaseRequest.m */ = {isa = PBXFileReference; lastKnownFileType = sourcecode.c.objc; path = BaseRequest.m; sourceTree = "<group>"; };
		DC111201224327A60010C3C5 /* SDAnimatedImageRep.h */ = {isa = PBXFileReference; fileEncoding = 4; lastKnownFileType = sourcecode.c.h; path = SDAnimatedImageRep.h; sourceTree = "<group>"; };
		DC111202224327A60010C3C5 /* UIImage+WebP.m */ = {isa = PBXFileReference; fileEncoding = 4; lastKnownFileType = sourcecode.c.objc; path = "UIImage+WebP.m"; sourceTree = "<group>"; };
		DC111203224327A60010C3C5 /* MKAnnotationView+WebCache.m */ = {isa = PBXFileReference; fileEncoding = 4; lastKnownFileType = sourcecode.c.objc; path = "MKAnnotationView+WebCache.m"; sourceTree = "<group>"; };
		DC111204224327A60010C3C5 /* NSButton+WebCache.h */ = {isa = PBXFileReference; fileEncoding = 4; lastKnownFileType = sourcecode.c.h; path = "NSButton+WebCache.h"; sourceTree = "<group>"; };
		DC111205224327A60010C3C5 /* SDWebImageCoder.h */ = {isa = PBXFileReference; fileEncoding = 4; lastKnownFileType = sourcecode.c.h; path = SDWebImageCoder.h; sourceTree = "<group>"; };
		DC111206224327A60010C3C5 /* NSImage+WebCache.h */ = {isa = PBXFileReference; fileEncoding = 4; lastKnownFileType = sourcecode.c.h; path = "NSImage+WebCache.h"; sourceTree = "<group>"; };
		DC111207224327A60010C3C5 /* UIImageView+WebCache.h */ = {isa = PBXFileReference; fileEncoding = 4; lastKnownFileType = sourcecode.c.h; path = "UIImageView+WebCache.h"; sourceTree = "<group>"; };
		DC111208224327A60010C3C5 /* NSData+ImageContentType.h */ = {isa = PBXFileReference; fileEncoding = 4; lastKnownFileType = sourcecode.c.h; path = "NSData+ImageContentType.h"; sourceTree = "<group>"; };
		DC111209224327A60010C3C5 /* SDWebImageTransition.h */ = {isa = PBXFileReference; fileEncoding = 4; lastKnownFileType = sourcecode.c.h; path = SDWebImageTransition.h; sourceTree = "<group>"; };
		DC11120A224327A60010C3C5 /* SDWebImageManager.m */ = {isa = PBXFileReference; fileEncoding = 4; lastKnownFileType = sourcecode.c.objc; path = SDWebImageManager.m; sourceTree = "<group>"; };
		DC11120B224327A60010C3C5 /* SDWebImageDownloaderOperation.h */ = {isa = PBXFileReference; fileEncoding = 4; lastKnownFileType = sourcecode.c.h; path = SDWebImageDownloaderOperation.h; sourceTree = "<group>"; };
		DC11120C224327A60010C3C5 /* UIImageView+HighlightedWebCache.m */ = {isa = PBXFileReference; fileEncoding = 4; lastKnownFileType = sourcecode.c.objc; path = "UIImageView+HighlightedWebCache.m"; sourceTree = "<group>"; };
		DC11120D224327A60010C3C5 /* SDWebImageFrame.m */ = {isa = PBXFileReference; fileEncoding = 4; lastKnownFileType = sourcecode.c.objc; path = SDWebImageFrame.m; sourceTree = "<group>"; };
		DC11120E224327A60010C3C5 /* SDImageCache.h */ = {isa = PBXFileReference; fileEncoding = 4; lastKnownFileType = sourcecode.c.h; path = SDImageCache.h; sourceTree = "<group>"; };
		DC11120F224327A60010C3C5 /* UIImage+ForceDecode.m */ = {isa = PBXFileReference; fileEncoding = 4; lastKnownFileType = sourcecode.c.objc; path = "UIImage+ForceDecode.m"; sourceTree = "<group>"; };
		DC111210224327A60010C3C5 /* SDImageCacheConfig.h */ = {isa = PBXFileReference; fileEncoding = 4; lastKnownFileType = sourcecode.c.h; path = SDImageCacheConfig.h; sourceTree = "<group>"; };
		DC111211224327A60010C3C5 /* SDWebImageCodersManager.m */ = {isa = PBXFileReference; fileEncoding = 4; lastKnownFileType = sourcecode.c.objc; path = SDWebImageCodersManager.m; sourceTree = "<group>"; };
		DC111213224327A60010C3C5 /* FLAnimatedImageView+WebCache.m */ = {isa = PBXFileReference; fileEncoding = 4; lastKnownFileType = sourcecode.c.objc; path = "FLAnimatedImageView+WebCache.m"; sourceTree = "<group>"; };
		DC111214224327A60010C3C5 /* FLAnimatedImageView+WebCache.h */ = {isa = PBXFileReference; fileEncoding = 4; lastKnownFileType = sourcecode.c.h; path = "FLAnimatedImageView+WebCache.h"; sourceTree = "<group>"; };
		DC111215224327A60010C3C5 /* UIImage+MemoryCacheCost.h */ = {isa = PBXFileReference; fileEncoding = 4; lastKnownFileType = sourcecode.c.h; path = "UIImage+MemoryCacheCost.h"; sourceTree = "<group>"; };
		DC111216224327A60010C3C5 /* SDWebImageDownloader.m */ = {isa = PBXFileReference; fileEncoding = 4; lastKnownFileType = sourcecode.c.objc; path = SDWebImageDownloader.m; sourceTree = "<group>"; };
		DC111217224327A60010C3C5 /* SDWebImageGIFCoder.h */ = {isa = PBXFileReference; fileEncoding = 4; lastKnownFileType = sourcecode.c.h; path = SDWebImageGIFCoder.h; sourceTree = "<group>"; };
		DC111218224327A60010C3C5 /* SDWebImageWebPCoder.h */ = {isa = PBXFileReference; fileEncoding = 4; lastKnownFileType = sourcecode.c.h; path = SDWebImageWebPCoder.h; sourceTree = "<group>"; };
		DC111219224327A60010C3C5 /* UIImage+GIF.m */ = {isa = PBXFileReference; fileEncoding = 4; lastKnownFileType = sourcecode.c.objc; path = "UIImage+GIF.m"; sourceTree = "<group>"; };
		DC11121A224327A60010C3C5 /* UIButton+WebCache.h */ = {isa = PBXFileReference; fileEncoding = 4; lastKnownFileType = sourcecode.c.h; path = "UIButton+WebCache.h"; sourceTree = "<group>"; };
		DC11121B224327A60010C3C5 /* UIImage+MultiFormat.m */ = {isa = PBXFileReference; fileEncoding = 4; lastKnownFileType = sourcecode.c.objc; path = "UIImage+MultiFormat.m"; sourceTree = "<group>"; };
		DC11121C224327A60010C3C5 /* SDWebImageCoderHelper.m */ = {isa = PBXFileReference; fileEncoding = 4; lastKnownFileType = sourcecode.c.objc; path = SDWebImageCoderHelper.m; sourceTree = "<group>"; };
		DC11121D224327A60010C3C5 /* SDWebImageCompat.m */ = {isa = PBXFileReference; fileEncoding = 4; lastKnownFileType = sourcecode.c.objc; path = SDWebImageCompat.m; sourceTree = "<group>"; };
		DC11121E224327A60010C3C5 /* SDWebImageImageIOCoder.h */ = {isa = PBXFileReference; fileEncoding = 4; lastKnownFileType = sourcecode.c.h; path = SDWebImageImageIOCoder.h; sourceTree = "<group>"; };
		DC11121F224327A60010C3C5 /* SDWebImagePrefetcher.m */ = {isa = PBXFileReference; fileEncoding = 4; lastKnownFileType = sourcecode.c.objc; path = SDWebImagePrefetcher.m; sourceTree = "<group>"; };
		DC111220224327A60010C3C5 /* UIView+WebCache.h */ = {isa = PBXFileReference; fileEncoding = 4; lastKnownFileType = sourcecode.c.h; path = "UIView+WebCache.h"; sourceTree = "<group>"; };
		DC111221224327A60010C3C5 /* UIView+WebCacheOperation.h */ = {isa = PBXFileReference; fileEncoding = 4; lastKnownFileType = sourcecode.c.h; path = "UIView+WebCacheOperation.h"; sourceTree = "<group>"; };
		DC111222224327A60010C3C5 /* SDWebImageCoder.m */ = {isa = PBXFileReference; fileEncoding = 4; lastKnownFileType = sourcecode.c.objc; path = SDWebImageCoder.m; sourceTree = "<group>"; };
		DC111223224327A60010C3C5 /* NSButton+WebCache.m */ = {isa = PBXFileReference; fileEncoding = 4; lastKnownFileType = sourcecode.c.objc; path = "NSButton+WebCache.m"; sourceTree = "<group>"; };
		DC111224224327A60010C3C5 /* MKAnnotationView+WebCache.h */ = {isa = PBXFileReference; fileEncoding = 4; lastKnownFileType = sourcecode.c.h; path = "MKAnnotationView+WebCache.h"; sourceTree = "<group>"; };
		DC111225224327A60010C3C5 /* UIImage+WebP.h */ = {isa = PBXFileReference; fileEncoding = 4; lastKnownFileType = sourcecode.c.h; path = "UIImage+WebP.h"; sourceTree = "<group>"; };
		DC111226224327A60010C3C5 /* SDAnimatedImageRep.m */ = {isa = PBXFileReference; fileEncoding = 4; lastKnownFileType = sourcecode.c.objc; path = SDAnimatedImageRep.m; sourceTree = "<group>"; };
		DC111227224327A60010C3C5 /* SDImageCache.m */ = {isa = PBXFileReference; fileEncoding = 4; lastKnownFileType = sourcecode.c.objc; path = SDImageCache.m; sourceTree = "<group>"; };
		DC111228224327A60010C3C5 /* SDWebImageFrame.h */ = {isa = PBXFileReference; fileEncoding = 4; lastKnownFileType = sourcecode.c.h; path = SDWebImageFrame.h; sourceTree = "<group>"; };
		DC111229224327A60010C3C5 /* UIImageView+HighlightedWebCache.h */ = {isa = PBXFileReference; fileEncoding = 4; lastKnownFileType = sourcecode.c.h; path = "UIImageView+HighlightedWebCache.h"; sourceTree = "<group>"; };
		DC11122A224327A60010C3C5 /* SDWebImageDownloaderOperation.m */ = {isa = PBXFileReference; fileEncoding = 4; lastKnownFileType = sourcecode.c.objc; path = SDWebImageDownloaderOperation.m; sourceTree = "<group>"; };
		DC11122B224327A60010C3C5 /* SDWebImageTransition.m */ = {isa = PBXFileReference; fileEncoding = 4; lastKnownFileType = sourcecode.c.objc; path = SDWebImageTransition.m; sourceTree = "<group>"; };
		DC11122C224327A60010C3C5 /* SDWebImageManager.h */ = {isa = PBXFileReference; fileEncoding = 4; lastKnownFileType = sourcecode.c.h; path = SDWebImageManager.h; sourceTree = "<group>"; };
		DC11122D224327A60010C3C5 /* NSData+ImageContentType.m */ = {isa = PBXFileReference; fileEncoding = 4; lastKnownFileType = sourcecode.c.objc; path = "NSData+ImageContentType.m"; sourceTree = "<group>"; };
		DC11122E224327A60010C3C5 /* UIImageView+WebCache.m */ = {isa = PBXFileReference; fileEncoding = 4; lastKnownFileType = sourcecode.c.objc; path = "UIImageView+WebCache.m"; sourceTree = "<group>"; };
		DC11122F224327A60010C3C5 /* SDWebImageOperation.h */ = {isa = PBXFileReference; fileEncoding = 4; lastKnownFileType = sourcecode.c.h; path = SDWebImageOperation.h; sourceTree = "<group>"; };
		DC111230224327A60010C3C5 /* NSImage+WebCache.m */ = {isa = PBXFileReference; fileEncoding = 4; lastKnownFileType = sourcecode.c.objc; path = "NSImage+WebCache.m"; sourceTree = "<group>"; };
		DC111231224327A60010C3C5 /* SDWebImageGIFCoder.m */ = {isa = PBXFileReference; fileEncoding = 4; lastKnownFileType = sourcecode.c.objc; path = SDWebImageGIFCoder.m; sourceTree = "<group>"; };
		DC111232224327A60010C3C5 /* SDWebImageDownloader.h */ = {isa = PBXFileReference; fileEncoding = 4; lastKnownFileType = sourcecode.c.h; path = SDWebImageDownloader.h; sourceTree = "<group>"; };
		DC111233224327A60010C3C5 /* UIImage+MemoryCacheCost.m */ = {isa = PBXFileReference; fileEncoding = 4; lastKnownFileType = sourcecode.c.objc; path = "UIImage+MemoryCacheCost.m"; sourceTree = "<group>"; };
		DC111234224327A60010C3C5 /* SDImageCacheConfig.m */ = {isa = PBXFileReference; fileEncoding = 4; lastKnownFileType = sourcecode.c.objc; path = SDImageCacheConfig.m; sourceTree = "<group>"; };
		DC111235224327A60010C3C5 /* SDWebImageCodersManager.h */ = {isa = PBXFileReference; fileEncoding = 4; lastKnownFileType = sourcecode.c.h; path = SDWebImageCodersManager.h; sourceTree = "<group>"; };
		DC111236224327A60010C3C5 /* UIImage+ForceDecode.h */ = {isa = PBXFileReference; fileEncoding = 4; lastKnownFileType = sourcecode.c.h; path = "UIImage+ForceDecode.h"; sourceTree = "<group>"; };
		DC111237224327A60010C3C5 /* UIView+WebCacheOperation.m */ = {isa = PBXFileReference; fileEncoding = 4; lastKnownFileType = sourcecode.c.objc; path = "UIView+WebCacheOperation.m"; sourceTree = "<group>"; };
		DC111238224327A60010C3C5 /* UIView+WebCache.m */ = {isa = PBXFileReference; fileEncoding = 4; lastKnownFileType = sourcecode.c.objc; path = "UIView+WebCache.m"; sourceTree = "<group>"; };
		DC111239224327A60010C3C5 /* SDWebImagePrefetcher.h */ = {isa = PBXFileReference; fileEncoding = 4; lastKnownFileType = sourcecode.c.h; path = SDWebImagePrefetcher.h; sourceTree = "<group>"; };
		DC11123A224327A60010C3C5 /* SDWebImageImageIOCoder.m */ = {isa = PBXFileReference; fileEncoding = 4; lastKnownFileType = sourcecode.c.objc; path = SDWebImageImageIOCoder.m; sourceTree = "<group>"; };
		DC11123B224327A60010C3C5 /* SDWebImageCompat.h */ = {isa = PBXFileReference; fileEncoding = 4; lastKnownFileType = sourcecode.c.h; path = SDWebImageCompat.h; sourceTree = "<group>"; };
		DC11123C224327A60010C3C5 /* SDWebImageCoderHelper.h */ = {isa = PBXFileReference; fileEncoding = 4; lastKnownFileType = sourcecode.c.h; path = SDWebImageCoderHelper.h; sourceTree = "<group>"; };
		DC11123D224327A60010C3C5 /* UIImage+MultiFormat.h */ = {isa = PBXFileReference; fileEncoding = 4; lastKnownFileType = sourcecode.c.h; path = "UIImage+MultiFormat.h"; sourceTree = "<group>"; };
		DC11123E224327A70010C3C5 /* UIButton+WebCache.m */ = {isa = PBXFileReference; fileEncoding = 4; lastKnownFileType = sourcecode.c.objc; path = "UIButton+WebCache.m"; sourceTree = "<group>"; };
		DC11123F224327A70010C3C5 /* SDWebImageWebPCoder.m */ = {isa = PBXFileReference; fileEncoding = 4; lastKnownFileType = sourcecode.c.objc; path = SDWebImageWebPCoder.m; sourceTree = "<group>"; };
		DC111240224327A70010C3C5 /* UIImage+GIF.h */ = {isa = PBXFileReference; fileEncoding = 4; lastKnownFileType = sourcecode.c.h; path = "UIImage+GIF.h"; sourceTree = "<group>"; };
		DC372774208DFF670021E402 /* BaseMBProgressHud.h */ = {isa = PBXFileReference; lastKnownFileType = sourcecode.c.h; path = BaseMBProgressHud.h; sourceTree = "<group>"; };
		DC372775208DFF670021E402 /* BaseMBProgressHud.m */ = {isa = PBXFileReference; lastKnownFileType = sourcecode.c.objc; path = BaseMBProgressHud.m; sourceTree = "<group>"; };
		DC372779208F047F0021E402 /* BaseNetWork.h */ = {isa = PBXFileReference; lastKnownFileType = sourcecode.c.h; path = BaseNetWork.h; sourceTree = "<group>"; };
		DC37277A208F047F0021E402 /* BaseNetWork.m */ = {isa = PBXFileReference; lastKnownFileType = sourcecode.c.objc; path = BaseNetWork.m; sourceTree = "<group>"; };
		DC68C40F2241EC0F0039FD87 /* BaseCYLTabBarController.h */ = {isa = PBXFileReference; lastKnownFileType = sourcecode.c.h; path = BaseCYLTabBarController.h; sourceTree = "<group>"; };
		DC68C4102241EC0F0039FD87 /* BaseCYLTabBarController.m */ = {isa = PBXFileReference; lastKnownFileType = sourcecode.c.objc; path = BaseCYLTabBarController.m; sourceTree = "<group>"; };
		DC68C4122241F00E0039FD87 /* BaseCYLPlusButton.h */ = {isa = PBXFileReference; lastKnownFileType = sourcecode.c.h; path = BaseCYLPlusButton.h; sourceTree = "<group>"; };
		DC68C4132241F00E0039FD87 /* BaseCYLPlusButton.m */ = {isa = PBXFileReference; lastKnownFileType = sourcecode.c.objc; path = BaseCYLPlusButton.m; sourceTree = "<group>"; };
		DC7262D0211ACC7C00B462A4 /* BaseMJGifHeader.h */ = {isa = PBXFileReference; lastKnownFileType = sourcecode.c.h; path = BaseMJGifHeader.h; sourceTree = "<group>"; };
		DC7262D1211ACC7C00B462A4 /* BaseMJGifHeader.m */ = {isa = PBXFileReference; lastKnownFileType = sourcecode.c.objc; path = BaseMJGifHeader.m; sourceTree = "<group>"; };
		DC7262D3211ACCB400B462A4 /* BaseMJFooter.h */ = {isa = PBXFileReference; lastKnownFileType = sourcecode.c.h; path = BaseMJFooter.h; sourceTree = "<group>"; };
		DC7262D4211ACCB400B462A4 /* BaseMJFooter.m */ = {isa = PBXFileReference; lastKnownFileType = sourcecode.c.objc; path = BaseMJFooter.m; sourceTree = "<group>"; };
		DC7262E7211ACE3900B462A4 /* UIImage+FixOrientation.h */ = {isa = PBXFileReference; fileEncoding = 4; lastKnownFileType = sourcecode.c.h; path = "UIImage+FixOrientation.h"; sourceTree = "<group>"; };
		DC7262E8211ACE3900B462A4 /* UIImage+GetImageFormate.m */ = {isa = PBXFileReference; fileEncoding = 4; lastKnownFileType = sourcecode.c.objc; path = "UIImage+GetImageFormate.m"; sourceTree = "<group>"; };
		DC7262EE211ACE3900B462A4 /* UIImage+GetImageFormate.h */ = {isa = PBXFileReference; fileEncoding = 4; lastKnownFileType = sourcecode.c.h; path = "UIImage+GetImageFormate.h"; sourceTree = "<group>"; };
		DC7262EF211ACE3900B462A4 /* UIImage+FixOrientation.m */ = {isa = PBXFileReference; fileEncoding = 4; lastKnownFileType = sourcecode.c.objc; path = "UIImage+FixOrientation.m"; sourceTree = "<group>"; };
		DC7262F1211ACE3A00B462A4 /* NSObject+DictWithModel.h */ = {isa = PBXFileReference; fileEncoding = 4; lastKnownFileType = sourcecode.c.h; path = "NSObject+DictWithModel.h"; sourceTree = "<group>"; };
		DC7262F2211ACE3A00B462A4 /* NSObject+DictWithModel.m */ = {isa = PBXFileReference; fileEncoding = 4; lastKnownFileType = sourcecode.c.objc; path = "NSObject+DictWithModel.m"; sourceTree = "<group>"; };
		DC7262F6211ACE3A00B462A4 /* UIButton+CreateButton.m */ = {isa = PBXFileReference; fileEncoding = 4; lastKnownFileType = sourcecode.c.objc; path = "UIButton+CreateButton.m"; sourceTree = "<group>"; };
		DC7262FA211ACE3A00B462A4 /* UIButton+CreateButton.h */ = {isa = PBXFileReference; fileEncoding = 4; lastKnownFileType = sourcecode.c.h; path = "UIButton+CreateButton.h"; sourceTree = "<group>"; };
		DC726301211ACE3A00B462A4 /* NSDate+DateFormatter.m */ = {isa = PBXFileReference; fileEncoding = 4; lastKnownFileType = sourcecode.c.objc; path = "NSDate+DateFormatter.m"; sourceTree = "<group>"; };
		DC726304211ACE3A00B462A4 /* NSDate+DateFormatter.h */ = {isa = PBXFileReference; fileEncoding = 4; lastKnownFileType = sourcecode.c.h; path = "NSDate+DateFormatter.h"; sourceTree = "<group>"; };
		DC72630A211ACE3A00B462A4 /* NSArray+SafeIndex.m */ = {isa = PBXFileReference; fileEncoding = 4; lastKnownFileType = sourcecode.c.objc; path = "NSArray+SafeIndex.m"; sourceTree = "<group>"; };
		DC72630B211ACE3A00B462A4 /* NSMutableArray+SafeAdd.m */ = {isa = PBXFileReference; fileEncoding = 4; lastKnownFileType = sourcecode.c.objc; path = "NSMutableArray+SafeAdd.m"; sourceTree = "<group>"; };
		DC72630C211ACE3A00B462A4 /* NSMutableArray+SafeAdd.h */ = {isa = PBXFileReference; fileEncoding = 4; lastKnownFileType = sourcecode.c.h; path = "NSMutableArray+SafeAdd.h"; sourceTree = "<group>"; };
		DC72630D211ACE3A00B462A4 /* NSArray+SafeIndex.h */ = {isa = PBXFileReference; fileEncoding = 4; lastKnownFileType = sourcecode.c.h; path = "NSArray+SafeIndex.h"; sourceTree = "<group>"; };
		DC72633D211ACE3A00B462A4 /* CALayer+Gradient.h */ = {isa = PBXFileReference; fileEncoding = 4; lastKnownFileType = sourcecode.c.h; path = "CALayer+Gradient.h"; sourceTree = "<group>"; };
		DC72633E211ACE3A00B462A4 /* CALayer+Gradient.m */ = {isa = PBXFileReference; fileEncoding = 4; lastKnownFileType = sourcecode.c.objc; path = "CALayer+Gradient.m"; sourceTree = "<group>"; };
		DC726344211ACE3B00B462A4 /* UILabel+LineContent.h */ = {isa = PBXFileReference; fileEncoding = 4; lastKnownFileType = sourcecode.c.h; path = "UILabel+LineContent.h"; sourceTree = "<group>"; };
		DC726345211ACE3B00B462A4 /* UILabel+CreateLabel.m */ = {isa = PBXFileReference; fileEncoding = 4; lastKnownFileType = sourcecode.c.objc; path = "UILabel+CreateLabel.m"; sourceTree = "<group>"; };
		DC726346211ACE3B00B462A4 /* UILabel+YBAttributeTextTapAction.h */ = {isa = PBXFileReference; fileEncoding = 4; lastKnownFileType = sourcecode.c.h; path = "UILabel+YBAttributeTextTapAction.h"; sourceTree = "<group>"; };
		DC726347211ACE3B00B462A4 /* UILabel+LineContent.m */ = {isa = PBXFileReference; fileEncoding = 4; lastKnownFileType = sourcecode.c.objc; path = "UILabel+LineContent.m"; sourceTree = "<group>"; };
		DC726349211ACE3B00B462A4 /* UILabel+YBAttributeTextTapAction.m */ = {isa = PBXFileReference; fileEncoding = 4; lastKnownFileType = sourcecode.c.objc; path = "UILabel+YBAttributeTextTapAction.m"; sourceTree = "<group>"; };
		DC72634A211ACE3B00B462A4 /* UILabel+CreateLabel.h */ = {isa = PBXFileReference; fileEncoding = 4; lastKnownFileType = sourcecode.c.h; path = "UILabel+CreateLabel.h"; sourceTree = "<group>"; };
		DC72634F211ACE3B00B462A4 /* UIView+CornerRadius.h */ = {isa = PBXFileReference; fileEncoding = 4; lastKnownFileType = sourcecode.c.h; path = "UIView+CornerRadius.h"; sourceTree = "<group>"; };
		DC726350211ACE3B00B462A4 /* UIView+DrawDashLine.h */ = {isa = PBXFileReference; fileEncoding = 4; lastKnownFileType = sourcecode.c.h; path = "UIView+DrawDashLine.h"; sourceTree = "<group>"; };
		DC726352211ACE3B00B462A4 /* UIView+Rotating.h */ = {isa = PBXFileReference; fileEncoding = 4; lastKnownFileType = sourcecode.c.h; path = "UIView+Rotating.h"; sourceTree = "<group>"; };
		DC726355211ACE3B00B462A4 /* UIView+CornerRadius.m */ = {isa = PBXFileReference; fileEncoding = 4; lastKnownFileType = sourcecode.c.objc; path = "UIView+CornerRadius.m"; sourceTree = "<group>"; };
		DC726356211ACE3B00B462A4 /* UIView+Rotating.m */ = {isa = PBXFileReference; fileEncoding = 4; lastKnownFileType = sourcecode.c.objc; path = "UIView+Rotating.m"; sourceTree = "<group>"; };
		DC726358211ACE3B00B462A4 /* UIView+DrawDashLine.m */ = {isa = PBXFileReference; fileEncoding = 4; lastKnownFileType = sourcecode.c.objc; path = "UIView+DrawDashLine.m"; sourceTree = "<group>"; };
		DC72635C211ACE3B00B462A4 /* ZTextView.m */ = {isa = PBXFileReference; fileEncoding = 4; lastKnownFileType = sourcecode.c.objc; path = ZTextView.m; sourceTree = "<group>"; };
		DC72635D211ACE3B00B462A4 /* UITextView+LineContent.m */ = {isa = PBXFileReference; fileEncoding = 4; lastKnownFileType = sourcecode.c.objc; path = "UITextView+LineContent.m"; sourceTree = "<group>"; };
		DC72635E211ACE3B00B462A4 /* ZTextView.h */ = {isa = PBXFileReference; fileEncoding = 4; lastKnownFileType = sourcecode.c.h; path = ZTextView.h; sourceTree = "<group>"; };
		DC72635F211ACE3B00B462A4 /* UITextView+LineContent.h */ = {isa = PBXFileReference; fileEncoding = 4; lastKnownFileType = sourcecode.c.h; path = "UITextView+LineContent.h"; sourceTree = "<group>"; };
		DC726361211ACE3B00B462A4 /* NSFileManager+Helper.m */ = {isa = PBXFileReference; fileEncoding = 4; lastKnownFileType = sourcecode.c.objc; path = "NSFileManager+Helper.m"; sourceTree = "<group>"; };
		DC726362211ACE3B00B462A4 /* NSFileManager+Helper.h */ = {isa = PBXFileReference; fileEncoding = 4; lastKnownFileType = sourcecode.c.h; path = "NSFileManager+Helper.h"; sourceTree = "<group>"; };
		DC7263A1211ACF5F00B462A4 /* UIColor+Category.h */ = {isa = PBXFileReference; lastKnownFileType = sourcecode.c.h; path = "UIColor+Category.h"; sourceTree = "<group>"; };
		DC7263A2211ACF5F00B462A4 /* UIColor+Category.m */ = {isa = PBXFileReference; lastKnownFileType = sourcecode.c.objc; path = "UIColor+Category.m"; sourceTree = "<group>"; };
		DC7263A4211AD10100B462A4 /* UIView+Frame.h */ = {isa = PBXFileReference; lastKnownFileType = sourcecode.c.h; path = "UIView+Frame.h"; sourceTree = "<group>"; };
		DC7263A5211AD10100B462A4 /* UIView+Frame.m */ = {isa = PBXFileReference; lastKnownFileType = sourcecode.c.objc; path = "UIView+Frame.m"; sourceTree = "<group>"; };
		DC7263A7211AD13800B462A4 /* UIView+Shadow.h */ = {isa = PBXFileReference; lastKnownFileType = sourcecode.c.h; path = "UIView+Shadow.h"; sourceTree = "<group>"; };
		DC7263A8211AD13800B462A4 /* UIView+Shadow.m */ = {isa = PBXFileReference; lastKnownFileType = sourcecode.c.objc; path = "UIView+Shadow.m"; sourceTree = "<group>"; };
		DC7263AA211AD2CB00B462A4 /* UIImage+SizeForUrl.h */ = {isa = PBXFileReference; lastKnownFileType = sourcecode.c.h; path = "UIImage+SizeForUrl.h"; sourceTree = "<group>"; };
		DC7263AB211AD2CB00B462A4 /* UIImage+SizeForUrl.m */ = {isa = PBXFileReference; lastKnownFileType = sourcecode.c.objc; path = "UIImage+SizeForUrl.m"; sourceTree = "<group>"; };
		DC7263AE211AD5F400B462A4 /* NSString+CurrentDevice.h */ = {isa = PBXFileReference; fileEncoding = 4; lastKnownFileType = sourcecode.c.h; path = "NSString+CurrentDevice.h"; sourceTree = "<group>"; };
		DC7263B1211AD5F400B462A4 /* NSString+IDFV.m */ = {isa = PBXFileReference; fileEncoding = 4; lastKnownFileType = sourcecode.c.objc; path = "NSString+IDFV.m"; sourceTree = "<group>"; };
		DC7263B3211AD5F400B462A4 /* NSString+IsEmail.h */ = {isa = PBXFileReference; fileEncoding = 4; lastKnownFileType = sourcecode.c.h; path = "NSString+IsEmail.h"; sourceTree = "<group>"; };
		DC7263B4211AD5F400B462A4 /* NSString+DateToAge.h */ = {isa = PBXFileReference; fileEncoding = 4; lastKnownFileType = sourcecode.c.h; path = "NSString+DateToAge.h"; sourceTree = "<group>"; };
		DC7263B5211AD5F400B462A4 /* NSString+NowTimeInterval.m */ = {isa = PBXFileReference; fileEncoding = 4; lastKnownFileType = sourcecode.c.objc; path = "NSString+NowTimeInterval.m"; sourceTree = "<group>"; };
		DC7263B6211AD5F400B462A4 /* NSString+MD5.h */ = {isa = PBXFileReference; fileEncoding = 4; lastKnownFileType = sourcecode.c.h; path = "NSString+MD5.h"; sourceTree = "<group>"; };
		DC7263B7211AD5F400B462A4 /* NSString+MonthString.h */ = {isa = PBXFileReference; fileEncoding = 4; lastKnownFileType = sourcecode.c.h; path = "NSString+MonthString.h"; sourceTree = "<group>"; };
		DC7263B8211AD5F400B462A4 /* NSString+RemoveEscapeChar.h */ = {isa = PBXFileReference; fileEncoding = 4; lastKnownFileType = sourcecode.c.h; path = "NSString+RemoveEscapeChar.h"; sourceTree = "<group>"; };
		DC7263B9211AD5F400B462A4 /* NSString+IsCardId.m */ = {isa = PBXFileReference; fileEncoding = 4; lastKnownFileType = sourcecode.c.objc; path = "NSString+IsCardId.m"; sourceTree = "<group>"; };
		DC7263BA211AD5F400B462A4 /* NSString+ThousandString.m */ = {isa = PBXFileReference; fileEncoding = 4; lastKnownFileType = sourcecode.c.objc; path = "NSString+ThousandString.m"; sourceTree = "<group>"; };
		DC7263BB211AD5F400B462A4 /* NSString+IsPhoneNumber.h */ = {isa = PBXFileReference; fileEncoding = 4; lastKnownFileType = sourcecode.c.h; path = "NSString+IsPhoneNumber.h"; sourceTree = "<group>"; };
		DC7263BC211AD5F400B462A4 /* NSString+IsBlackStr.h */ = {isa = PBXFileReference; fileEncoding = 4; lastKnownFileType = sourcecode.c.h; path = "NSString+IsBlackStr.h"; sourceTree = "<group>"; };
		DC7263BD211AD5F400B462A4 /* SimulateIDFA.m */ = {isa = PBXFileReference; fileEncoding = 4; lastKnownFileType = sourcecode.c.objc; path = SimulateIDFA.m; sourceTree = "<group>"; };
		DC7263C2211AD5F400B462A4 /* NSString+Random.h */ = {isa = PBXFileReference; fileEncoding = 4; lastKnownFileType = sourcecode.c.h; path = "NSString+Random.h"; sourceTree = "<group>"; };
		DC7263C4211AD5F400B462A4 /* NSString+IDFV.h */ = {isa = PBXFileReference; fileEncoding = 4; lastKnownFileType = sourcecode.c.h; path = "NSString+IDFV.h"; sourceTree = "<group>"; };
		DC7263C7211AD5F400B462A4 /* NSString+CurrentDevice.m */ = {isa = PBXFileReference; fileEncoding = 4; lastKnownFileType = sourcecode.c.objc; path = "NSString+CurrentDevice.m"; sourceTree = "<group>"; };
		DC7263C8211AD5F400B462A4 /* NSString+IsEmail.m */ = {isa = PBXFileReference; fileEncoding = 4; lastKnownFileType = sourcecode.c.objc; path = "NSString+IsEmail.m"; sourceTree = "<group>"; };
		DC7263C9211AD5F400B462A4 /* SimulateIDFA.h */ = {isa = PBXFileReference; fileEncoding = 4; lastKnownFileType = sourcecode.c.h; path = SimulateIDFA.h; sourceTree = "<group>"; };
		DC7263CA211AD5F400B462A4 /* NSString+IsBlackStr.m */ = {isa = PBXFileReference; fileEncoding = 4; lastKnownFileType = sourcecode.c.objc; path = "NSString+IsBlackStr.m"; sourceTree = "<group>"; };
		DC7263CB211AD5F400B462A4 /* NSString+IsPhoneNumber.m */ = {isa = PBXFileReference; fileEncoding = 4; lastKnownFileType = sourcecode.c.objc; path = "NSString+IsPhoneNumber.m"; sourceTree = "<group>"; };
		DC7263CC211AD5F400B462A4 /* NSString+IsCardId.h */ = {isa = PBXFileReference; fileEncoding = 4; lastKnownFileType = sourcecode.c.h; path = "NSString+IsCardId.h"; sourceTree = "<group>"; };
		DC7263CD211AD5F400B462A4 /* NSString+ThousandString.h */ = {isa = PBXFileReference; fileEncoding = 4; lastKnownFileType = sourcecode.c.h; path = "NSString+ThousandString.h"; sourceTree = "<group>"; };
		DC7263CE211AD5F400B462A4 /* NSString+MonthString.m */ = {isa = PBXFileReference; fileEncoding = 4; lastKnownFileType = sourcecode.c.objc; path = "NSString+MonthString.m"; sourceTree = "<group>"; };
		DC7263CF211AD5F400B462A4 /* NSString+RemoveEscapeChar.m */ = {isa = PBXFileReference; fileEncoding = 4; lastKnownFileType = sourcecode.c.objc; path = "NSString+RemoveEscapeChar.m"; sourceTree = "<group>"; };
		DC7263D0211AD5F400B462A4 /* NSString+MD5.m */ = {isa = PBXFileReference; fileEncoding = 4; lastKnownFileType = sourcecode.c.objc; path = "NSString+MD5.m"; sourceTree = "<group>"; };
		DC7263D1211AD5F400B462A4 /* NSString+NowTimeInterval.h */ = {isa = PBXFileReference; fileEncoding = 4; lastKnownFileType = sourcecode.c.h; path = "NSString+NowTimeInterval.h"; sourceTree = "<group>"; };
		DC7263D2211AD5F400B462A4 /* NSString+DateToAge.m */ = {isa = PBXFileReference; fileEncoding = 4; lastKnownFileType = sourcecode.c.objc; path = "NSString+DateToAge.m"; sourceTree = "<group>"; };
		DC7263D3211AD5F400B462A4 /* NSString+Random.m */ = {isa = PBXFileReference; fileEncoding = 4; lastKnownFileType = sourcecode.c.objc; path = "NSString+Random.m"; sourceTree = "<group>"; };
		DC7263ED211AD6BE00B462A4 /* NSString+Json.h */ = {isa = PBXFileReference; lastKnownFileType = sourcecode.c.h; path = "NSString+Json.h"; sourceTree = "<group>"; };
		DC7263EE211AD6BE00B462A4 /* NSString+Json.m */ = {isa = PBXFileReference; lastKnownFileType = sourcecode.c.objc; path = "NSString+Json.m"; sourceTree = "<group>"; };
		DC73203222437480003DD4DC /* WebP.framework */ = {isa = PBXFileReference; lastKnownFileType = wrapper.framework; path = WebP.framework; sourceTree = "<group>"; };
		DC73203322437480003DD4DC /* WebP.sh */ = {isa = PBXFileReference; fileEncoding = 4; lastKnownFileType = text.script.sh; path = WebP.sh; sourceTree = "<group>"; };
		DC73203922437E70003DD4DC /* WeatherModel.h */ = {isa = PBXFileReference; lastKnownFileType = sourcecode.c.h; path = WeatherModel.h; sourceTree = "<group>"; };
		DC73203A22437E70003DD4DC /* WeatherModel.m */ = {isa = PBXFileReference; lastKnownFileType = sourcecode.c.objc; path = WeatherModel.m; sourceTree = "<group>"; };
		DC75E9412240964B00522D17 /* KeychainWrapper.m */ = {isa = PBXFileReference; fileEncoding = 4; lastKnownFileType = sourcecode.c.objc; path = KeychainWrapper.m; sourceTree = "<group>"; };
		DC75E9422240964B00522D17 /* KeychainWrapper.h */ = {isa = PBXFileReference; fileEncoding = 4; lastKnownFileType = sourcecode.c.h; path = KeychainWrapper.h; sourceTree = "<group>"; };
		DCE7947F211ADCD6003D8C63 /* AppMacro.h */ = {isa = PBXFileReference; lastKnownFileType = sourcecode.c.h; path = AppMacro.h; sourceTree = "<group>"; };
		DCFA49082089808B00AC8832 /* BaseApp.app */ = {isa = PBXFileReference; explicitFileType = wrapper.application; includeInIndex = 0; path = BaseApp.app; sourceTree = BUILT_PRODUCTS_DIR; };
		DCFA490B2089808B00AC8832 /* AppDelegate.h */ = {isa = PBXFileReference; lastKnownFileType = sourcecode.c.h; path = AppDelegate.h; sourceTree = "<group>"; };
		DCFA490C2089808B00AC8832 /* AppDelegate.m */ = {isa = PBXFileReference; lastKnownFileType = sourcecode.c.objc; path = AppDelegate.m; sourceTree = "<group>"; };
		DCFA49142089808D00AC8832 /* Assets.xcassets */ = {isa = PBXFileReference; lastKnownFileType = folder.assetcatalog; path = Assets.xcassets; sourceTree = "<group>"; };
		DCFA49192089808D00AC8832 /* Info.plist */ = {isa = PBXFileReference; lastKnownFileType = text.plist.xml; path = Info.plist; sourceTree = "<group>"; };
		DCFA491A2089808D00AC8832 /* main.m */ = {isa = PBXFileReference; lastKnownFileType = sourcecode.c.objc; path = main.m; sourceTree = "<group>"; };
		DCFA49232089D74C00AC8832 /* PrefixHeader.pch */ = {isa = PBXFileReference; lastKnownFileType = sourcecode.c.h; path = PrefixHeader.pch; sourceTree = "<group>"; };
		DCFA492C208B232B00AC8832 /* BaseNavigationController.h */ = {isa = PBXFileReference; lastKnownFileType = sourcecode.c.h; path = BaseNavigationController.h; sourceTree = "<group>"; };
		DCFA492D208B232B00AC8832 /* BaseNavigationController.m */ = {isa = PBXFileReference; lastKnownFileType = sourcecode.c.objc; path = BaseNavigationController.m; sourceTree = "<group>"; };
		DCFA492F208B234C00AC8832 /* BaseTabBarController.h */ = {isa = PBXFileReference; lastKnownFileType = sourcecode.c.h; path = BaseTabBarController.h; sourceTree = "<group>"; };
		DCFA4930208B234C00AC8832 /* BaseTabBarController.m */ = {isa = PBXFileReference; lastKnownFileType = sourcecode.c.objc; path = BaseTabBarController.m; sourceTree = "<group>"; };
		DCFA4932208B24A200AC8832 /* BaseViewController.h */ = {isa = PBXFileReference; lastKnownFileType = sourcecode.c.h; path = BaseViewController.h; sourceTree = "<group>"; };
		DCFA4933208B24A200AC8832 /* BaseViewController.m */ = {isa = PBXFileReference; lastKnownFileType = sourcecode.c.objc; path = BaseViewController.m; sourceTree = "<group>"; };
		DCFA4937208B251800AC8832 /* HomeBaseController.h */ = {isa = PBXFileReference; lastKnownFileType = sourcecode.c.h; path = HomeBaseController.h; sourceTree = "<group>"; };
		DCFA4938208B251800AC8832 /* HomeBaseController.m */ = {isa = PBXFileReference; lastKnownFileType = sourcecode.c.objc; path = HomeBaseController.m; sourceTree = "<group>"; };
		DCFA493A208B252500AC8832 /* MyBaseController.h */ = {isa = PBXFileReference; lastKnownFileType = sourcecode.c.h; path = MyBaseController.h; sourceTree = "<group>"; };
		DCFA493B208B252500AC8832 /* MyBaseController.m */ = {isa = PBXFileReference; lastKnownFileType = sourcecode.c.objc; path = MyBaseController.m; sourceTree = "<group>"; };
		FE1DAB5DCF257C6C38C6F0A8 /* Pods_BaseApp.framework */ = {isa = PBXFileReference; explicitFileType = wrapper.framework; includeInIndex = 0; path = Pods_BaseApp.framework; sourceTree = BUILT_PRODUCTS_DIR; };
/* End PBXFileReference section */

/* Begin PBXFrameworksBuildPhase section */
		DCFA49052089808B00AC8832 /* Frameworks */ = {
			isa = PBXFrameworksBuildPhase;
			buildActionMask = 2147483647;
			files = (
				DC73203422437481003DD4DC /* WebP.framework in Frameworks */,
				205BCE823B4495497F2FCB93 /* Pods_BaseApp.framework in Frameworks */,
			);
			runOnlyForDeploymentPostprocessing = 0;
		};
/* End PBXFrameworksBuildPhase section */

/* Begin PBXGroup section */
		74AF6002781F17089B67C9A9 /* Pods */ = {
			isa = PBXGroup;
			children = (
				AC0BA497A2E66855E15822A9 /* Pods-BaseApp.debug.xcconfig */,
				3A39DD2F6B4C41841E1894ED /* Pods-BaseApp.release.xcconfig */,
			);
			name = Pods;
			sourceTree = "<group>";
		};
		80278015B9A0A334D0DE5A93 /* Frameworks */ = {
			isa = PBXGroup;
			children = (
				FE1DAB5DCF257C6C38C6F0A8 /* Pods_BaseApp.framework */,
			);
			name = Frameworks;
			sourceTree = "<group>";
		};
		DC0A1C7D211BE6F800E908EC /* Vendor */ = {
			isa = PBXGroup;
			children = (
				DC73203122437480003DD4DC /* WebpFiles */,
				DC111200224327A60010C3C5 /* SDWebImage */,
				DC75E9402240964B00522D17 /* KeychainWrapper */,
			);
			path = Vendor;
			sourceTree = "<group>";
		};
		DC0A1CED211BEB4100E908EC /* CustomController */ = {
			isa = PBXGroup;
			children = (
				DC0A1CEE211BEB8E00E908EC /* BaseTableViewController.h */,
				DC0A1CEF211BEB8E00E908EC /* BaseTableViewController.m */,
				DC0A1CF1211BEE5D00E908EC /* BaseCollectionViewController.h */,
				DC0A1CF2211BEE5D00E908EC /* BaseCollectionViewController.m */,
			);
			path = CustomController;
			sourceTree = "<group>";
		};
		DC0A1CF4211C1DEA00E908EC /* Request */ = {
			isa = PBXGroup;
			children = (
				DC0A1CF8211C230000E908EC /* AppRequest */,
				DC372778208F045E0021E402 /* BaseNetWork */,
			);
			path = Request;
			sourceTree = "<group>";
		};
		DC0A1CF8211C230000E908EC /* AppRequest */ = {
			isa = PBXGroup;
			children = (
				DC0A1CF5211C1E0700E908EC /* BaseRequest.h */,
				DC0A1CF6211C1E0700E908EC /* BaseRequest.m */,
			);
			path = AppRequest;
			sourceTree = "<group>";
		};
		DC111200224327A60010C3C5 /* SDWebImage */ = {
			isa = PBXGroup;
			children = (
				DC111212224327A60010C3C5 /* FLAnimatedImage */,
				DC111224224327A60010C3C5 /* MKAnnotationView+WebCache.h */,
				DC111203224327A60010C3C5 /* MKAnnotationView+WebCache.m */,
				DC111204224327A60010C3C5 /* NSButton+WebCache.h */,
				DC111223224327A60010C3C5 /* NSButton+WebCache.m */,
				DC111208224327A60010C3C5 /* NSData+ImageContentType.h */,
				DC11122D224327A60010C3C5 /* NSData+ImageContentType.m */,
				DC111206224327A60010C3C5 /* NSImage+WebCache.h */,
				DC111230224327A60010C3C5 /* NSImage+WebCache.m */,
				DC111201224327A60010C3C5 /* SDAnimatedImageRep.h */,
				DC111226224327A60010C3C5 /* SDAnimatedImageRep.m */,
				DC11120E224327A60010C3C5 /* SDImageCache.h */,
				DC111227224327A60010C3C5 /* SDImageCache.m */,
				DC111210224327A60010C3C5 /* SDImageCacheConfig.h */,
				DC111234224327A60010C3C5 /* SDImageCacheConfig.m */,
				DC111205224327A60010C3C5 /* SDWebImageCoder.h */,
				DC111222224327A60010C3C5 /* SDWebImageCoder.m */,
				DC11123C224327A60010C3C5 /* SDWebImageCoderHelper.h */,
				DC11121C224327A60010C3C5 /* SDWebImageCoderHelper.m */,
				DC111235224327A60010C3C5 /* SDWebImageCodersManager.h */,
				DC111211224327A60010C3C5 /* SDWebImageCodersManager.m */,
				DC11123B224327A60010C3C5 /* SDWebImageCompat.h */,
				DC11121D224327A60010C3C5 /* SDWebImageCompat.m */,
				DC111232224327A60010C3C5 /* SDWebImageDownloader.h */,
				DC111216224327A60010C3C5 /* SDWebImageDownloader.m */,
				DC11120B224327A60010C3C5 /* SDWebImageDownloaderOperation.h */,
				DC11122A224327A60010C3C5 /* SDWebImageDownloaderOperation.m */,
				DC111228224327A60010C3C5 /* SDWebImageFrame.h */,
				DC11120D224327A60010C3C5 /* SDWebImageFrame.m */,
				DC111217224327A60010C3C5 /* SDWebImageGIFCoder.h */,
				DC111231224327A60010C3C5 /* SDWebImageGIFCoder.m */,
				DC11121E224327A60010C3C5 /* SDWebImageImageIOCoder.h */,
				DC11123A224327A60010C3C5 /* SDWebImageImageIOCoder.m */,
				DC11122C224327A60010C3C5 /* SDWebImageManager.h */,
				DC11120A224327A60010C3C5 /* SDWebImageManager.m */,
				DC11122F224327A60010C3C5 /* SDWebImageOperation.h */,
				DC111239224327A60010C3C5 /* SDWebImagePrefetcher.h */,
				DC11121F224327A60010C3C5 /* SDWebImagePrefetcher.m */,
				DC111209224327A60010C3C5 /* SDWebImageTransition.h */,
				DC11122B224327A60010C3C5 /* SDWebImageTransition.m */,
				DC111218224327A60010C3C5 /* SDWebImageWebPCoder.h */,
				DC11123F224327A70010C3C5 /* SDWebImageWebPCoder.m */,
				DC11121A224327A60010C3C5 /* UIButton+WebCache.h */,
				DC11123E224327A70010C3C5 /* UIButton+WebCache.m */,
				DC111236224327A60010C3C5 /* UIImage+ForceDecode.h */,
				DC11120F224327A60010C3C5 /* UIImage+ForceDecode.m */,
				DC111240224327A70010C3C5 /* UIImage+GIF.h */,
				DC111219224327A60010C3C5 /* UIImage+GIF.m */,
				DC111215224327A60010C3C5 /* UIImage+MemoryCacheCost.h */,
				DC111233224327A60010C3C5 /* UIImage+MemoryCacheCost.m */,
				DC11123D224327A60010C3C5 /* UIImage+MultiFormat.h */,
				DC11121B224327A60010C3C5 /* UIImage+MultiFormat.m */,
				DC111225224327A60010C3C5 /* UIImage+WebP.h */,
				DC111202224327A60010C3C5 /* UIImage+WebP.m */,
				DC111229224327A60010C3C5 /* UIImageView+HighlightedWebCache.h */,
				DC11120C224327A60010C3C5 /* UIImageView+HighlightedWebCache.m */,
				DC111207224327A60010C3C5 /* UIImageView+WebCache.h */,
				DC11122E224327A60010C3C5 /* UIImageView+WebCache.m */,
				DC111220224327A60010C3C5 /* UIView+WebCache.h */,
				DC111238224327A60010C3C5 /* UIView+WebCache.m */,
				DC111221224327A60010C3C5 /* UIView+WebCacheOperation.h */,
				DC111237224327A60010C3C5 /* UIView+WebCacheOperation.m */,
			);
			path = SDWebImage;
			sourceTree = "<group>";
		};
		DC111212224327A60010C3C5 /* FLAnimatedImage */ = {
			isa = PBXGroup;
			children = (
				DC111213224327A60010C3C5 /* FLAnimatedImageView+WebCache.m */,
				DC111214224327A60010C3C5 /* FLAnimatedImageView+WebCache.h */,
			);
			path = FLAnimatedImage;
			sourceTree = "<group>";
		};
		DC372772208DFE860021E402 /* System */ = {
			isa = PBXGroup;
			children = (
				DCFA492C208B232B00AC8832 /* BaseNavigationController.h */,
				DCFA492D208B232B00AC8832 /* BaseNavigationController.m */,
				DCFA492F208B234C00AC8832 /* BaseTabBarController.h */,
				DCFA4930208B234C00AC8832 /* BaseTabBarController.m */,
				DC68C40F2241EC0F0039FD87 /* BaseCYLTabBarController.h */,
				DC68C4102241EC0F0039FD87 /* BaseCYLTabBarController.m */,
				DC68C4122241F00E0039FD87 /* BaseCYLPlusButton.h */,
				DC68C4132241F00E0039FD87 /* BaseCYLPlusButton.m */,
				DCFA4932208B24A200AC8832 /* BaseViewController.h */,
				DCFA4933208B24A200AC8832 /* BaseViewController.m */,
			);
			path = System;
			sourceTree = "<group>";
		};
		DC372773208DFEEF0021E402 /* Other */ = {
			isa = PBXGroup;
			children = (
				DC372774208DFF670021E402 /* BaseMBProgressHud.h */,
				DC372775208DFF670021E402 /* BaseMBProgressHud.m */,
				DC7262D0211ACC7C00B462A4 /* BaseMJGifHeader.h */,
				DC7262D1211ACC7C00B462A4 /* BaseMJGifHeader.m */,
				DC7262D3211ACCB400B462A4 /* BaseMJFooter.h */,
				DC7262D4211ACCB400B462A4 /* BaseMJFooter.m */,
			);
			path = Other;
			sourceTree = "<group>";
		};
		DC372777208E0BE70021E402 /* Category */ = {
			isa = PBXGroup;
			children = (
				DC726308211ACE3A00B462A4 /* Array_Category */,
				DC7262F3211ACE3A00B462A4 /* Button_Category */,
				DC72633C211ACE3A00B462A4 /* CALayer_Category */,
				DC72634B211ACE3B00B462A4 /* Color_Category */,
				DC726300211ACE3A00B462A4 /* Date_Category */,
				DC726360211ACE3B00B462A4 /* FileManager_Category */,
				DC7262E3211ACE3900B462A4 /* Image_Category */,
				DC7262F0211ACE3A00B462A4 /* NSObject_Category */,
				DC7263AD211AD5F400B462A4 /* NSString_Category */,
				DC72635B211ACE3B00B462A4 /* TextView_Category */,
				DC726342211ACE3B00B462A4 /* UILabel_Category */,
				DC72634E211ACE3B00B462A4 /* View_Category */,
			);
			path = Category;
			sourceTree = "<group>";
		};
		DC372778208F045E0021E402 /* BaseNetWork */ = {
			isa = PBXGroup;
			children = (
				DC372779208F047F0021E402 /* BaseNetWork.h */,
				DC37277A208F047F0021E402 /* BaseNetWork.m */,
			);
			path = BaseNetWork;
			sourceTree = "<group>";
		};
		DC7262E3211ACE3900B462A4 /* Image_Category */ = {
			isa = PBXGroup;
			children = (
				DC7262E7211ACE3900B462A4 /* UIImage+FixOrientation.h */,
				DC7262EF211ACE3900B462A4 /* UIImage+FixOrientation.m */,
				DC7262EE211ACE3900B462A4 /* UIImage+GetImageFormate.h */,
				DC7262E8211ACE3900B462A4 /* UIImage+GetImageFormate.m */,
				DC7263AA211AD2CB00B462A4 /* UIImage+SizeForUrl.h */,
				DC7263AB211AD2CB00B462A4 /* UIImage+SizeForUrl.m */,
			);
			path = Image_Category;
			sourceTree = "<group>";
		};
		DC7262F0211ACE3A00B462A4 /* NSObject_Category */ = {
			isa = PBXGroup;
			children = (
				DC7262F1211ACE3A00B462A4 /* NSObject+DictWithModel.h */,
				DC7262F2211ACE3A00B462A4 /* NSObject+DictWithModel.m */,
			);
			path = NSObject_Category;
			sourceTree = "<group>";
		};
		DC7262F3211ACE3A00B462A4 /* Button_Category */ = {
			isa = PBXGroup;
			children = (
				DC7262FA211ACE3A00B462A4 /* UIButton+CreateButton.h */,
				DC7262F6211ACE3A00B462A4 /* UIButton+CreateButton.m */,
			);
			path = Button_Category;
			sourceTree = "<group>";
		};
		DC726300211ACE3A00B462A4 /* Date_Category */ = {
			isa = PBXGroup;
			children = (
				DC726304211ACE3A00B462A4 /* NSDate+DateFormatter.h */,
				DC726301211ACE3A00B462A4 /* NSDate+DateFormatter.m */,
			);
			path = Date_Category;
			sourceTree = "<group>";
		};
		DC726308211ACE3A00B462A4 /* Array_Category */ = {
			isa = PBXGroup;
			children = (
				DC72630D211ACE3A00B462A4 /* NSArray+SafeIndex.h */,
				DC72630A211ACE3A00B462A4 /* NSArray+SafeIndex.m */,
				DC72630C211ACE3A00B462A4 /* NSMutableArray+SafeAdd.h */,
				DC72630B211ACE3A00B462A4 /* NSMutableArray+SafeAdd.m */,
				DC0A1C7A211BCF6600E908EC /* WQContainerSafe.m */,
			);
			path = Array_Category;
			sourceTree = "<group>";
		};
		DC72633C211ACE3A00B462A4 /* CALayer_Category */ = {
			isa = PBXGroup;
			children = (
				DC72633D211ACE3A00B462A4 /* CALayer+Gradient.h */,
				DC72633E211ACE3A00B462A4 /* CALayer+Gradient.m */,
			);
			path = CALayer_Category;
			sourceTree = "<group>";
		};
		DC726342211ACE3B00B462A4 /* UILabel_Category */ = {
			isa = PBXGroup;
			children = (
				DC726344211ACE3B00B462A4 /* UILabel+LineContent.h */,
				DC726347211ACE3B00B462A4 /* UILabel+LineContent.m */,
				DC726345211ACE3B00B462A4 /* UILabel+CreateLabel.m */,
				DC72634A211ACE3B00B462A4 /* UILabel+CreateLabel.h */,
				DC726346211ACE3B00B462A4 /* UILabel+YBAttributeTextTapAction.h */,
				DC726349211ACE3B00B462A4 /* UILabel+YBAttributeTextTapAction.m */,
			);
			path = UILabel_Category;
			sourceTree = "<group>";
		};
		DC72634B211ACE3B00B462A4 /* Color_Category */ = {
			isa = PBXGroup;
			children = (
				DC7263A1211ACF5F00B462A4 /* UIColor+Category.h */,
				DC7263A2211ACF5F00B462A4 /* UIColor+Category.m */,
			);
			path = Color_Category;
			sourceTree = "<group>";
		};
		DC72634E211ACE3B00B462A4 /* View_Category */ = {
			isa = PBXGroup;
			children = (
				DC72634F211ACE3B00B462A4 /* UIView+CornerRadius.h */,
				DC726355211ACE3B00B462A4 /* UIView+CornerRadius.m */,
				DC726350211ACE3B00B462A4 /* UIView+DrawDashLine.h */,
				DC726358211ACE3B00B462A4 /* UIView+DrawDashLine.m */,
				DC7263A4211AD10100B462A4 /* UIView+Frame.h */,
				DC7263A5211AD10100B462A4 /* UIView+Frame.m */,
				DC726352211ACE3B00B462A4 /* UIView+Rotating.h */,
				DC726356211ACE3B00B462A4 /* UIView+Rotating.m */,
				DC7263A7211AD13800B462A4 /* UIView+Shadow.h */,
				DC7263A8211AD13800B462A4 /* UIView+Shadow.m */,
			);
			path = View_Category;
			sourceTree = "<group>";
		};
		DC72635B211ACE3B00B462A4 /* TextView_Category */ = {
			isa = PBXGroup;
			children = (
				DC72635E211ACE3B00B462A4 /* ZTextView.h */,
				DC72635C211ACE3B00B462A4 /* ZTextView.m */,
				DC72635F211ACE3B00B462A4 /* UITextView+LineContent.h */,
				DC72635D211ACE3B00B462A4 /* UITextView+LineContent.m */,
			);
			path = TextView_Category;
			sourceTree = "<group>";
		};
		DC726360211ACE3B00B462A4 /* FileManager_Category */ = {
			isa = PBXGroup;
			children = (
				DC726361211ACE3B00B462A4 /* NSFileManager+Helper.m */,
				DC726362211ACE3B00B462A4 /* NSFileManager+Helper.h */,
			);
			path = FileManager_Category;
			sourceTree = "<group>";
		};
		DC7263AD211AD5F400B462A4 /* NSString_Category */ = {
			isa = PBXGroup;
			children = (
				DC7263AE211AD5F400B462A4 /* NSString+CurrentDevice.h */,
				DC7263C7211AD5F400B462A4 /* NSString+CurrentDevice.m */,
				DC7263B4211AD5F400B462A4 /* NSString+DateToAge.h */,
				DC7263D2211AD5F400B462A4 /* NSString+DateToAge.m */,
				DC7263C4211AD5F400B462A4 /* NSString+IDFV.h */,
				DC7263B1211AD5F400B462A4 /* NSString+IDFV.m */,
				DC7263BC211AD5F400B462A4 /* NSString+IsBlackStr.h */,
				DC7263CA211AD5F400B462A4 /* NSString+IsBlackStr.m */,
				DC7263CC211AD5F400B462A4 /* NSString+IsCardId.h */,
				DC7263B9211AD5F400B462A4 /* NSString+IsCardId.m */,
				DC7263B3211AD5F400B462A4 /* NSString+IsEmail.h */,
				DC7263C8211AD5F400B462A4 /* NSString+IsEmail.m */,
				DC7263BB211AD5F400B462A4 /* NSString+IsPhoneNumber.h */,
				DC7263CB211AD5F400B462A4 /* NSString+IsPhoneNumber.m */,
				DC7263ED211AD6BE00B462A4 /* NSString+Json.h */,
				DC7263EE211AD6BE00B462A4 /* NSString+Json.m */,
				DC7263B6211AD5F400B462A4 /* NSString+MD5.h */,
				DC7263D0211AD5F400B462A4 /* NSString+MD5.m */,
				DC7263B7211AD5F400B462A4 /* NSString+MonthString.h */,
				DC7263CE211AD5F400B462A4 /* NSString+MonthString.m */,
				DC7263D1211AD5F400B462A4 /* NSString+NowTimeInterval.h */,
				DC7263B5211AD5F400B462A4 /* NSString+NowTimeInterval.m */,
				DC7263C2211AD5F400B462A4 /* NSString+Random.h */,
				DC7263D3211AD5F400B462A4 /* NSString+Random.m */,
				DC7263B8211AD5F400B462A4 /* NSString+RemoveEscapeChar.h */,
				DC7263CF211AD5F400B462A4 /* NSString+RemoveEscapeChar.m */,
				DC7263CD211AD5F400B462A4 /* NSString+ThousandString.h */,
				DC7263BA211AD5F400B462A4 /* NSString+ThousandString.m */,
				DC7263C9211AD5F400B462A4 /* SimulateIDFA.h */,
				DC7263BD211AD5F400B462A4 /* SimulateIDFA.m */,
			);
			path = NSString_Category;
			sourceTree = "<group>";
		};
		DC73203122437480003DD4DC /* WebpFiles */ = {
			isa = PBXGroup;
			children = (
				DC73203222437480003DD4DC /* WebP.framework */,
				DC73203322437480003DD4DC /* WebP.sh */,
			);
			path = WebpFiles;
			sourceTree = "<group>";
		};
		DC73203622437E56003DD4DC /* Controller */ = {
			isa = PBXGroup;
			children = (
				DCFA493A208B252500AC8832 /* MyBaseController.h */,
				DCFA493B208B252500AC8832 /* MyBaseController.m */,
			);
			path = Controller;
			sourceTree = "<group>";
		};
		DC73203722437E56003DD4DC /* Model */ = {
			isa = PBXGroup;
			children = (
				DC73203922437E70003DD4DC /* WeatherModel.h */,
				DC73203A22437E70003DD4DC /* WeatherModel.m */,
			);
			path = Model;
			sourceTree = "<group>";
		};
		DC73203822437E56003DD4DC /* View */ = {
			isa = PBXGroup;
			children = (
			);
			path = View;
			sourceTree = "<group>";
		};
		DC75E9402240964B00522D17 /* KeychainWrapper */ = {
			isa = PBXGroup;
			children = (
				DC75E9412240964B00522D17 /* KeychainWrapper.m */,
				DC75E9422240964B00522D17 /* KeychainWrapper.h */,
			);
			path = KeychainWrapper;
			sourceTree = "<group>";
		};
		DCFA48FF2089808B00AC8832 = {
			isa = PBXGroup;
			children = (
				DCFA490A2089808B00AC8832 /* BaseApp */,
				DCFA49092089808B00AC8832 /* Products */,
				74AF6002781F17089B67C9A9 /* Pods */,
				80278015B9A0A334D0DE5A93 /* Frameworks */,
			);
			sourceTree = "<group>";
		};
		DCFA49092089808B00AC8832 /* Products */ = {
			isa = PBXGroup;
			children = (
				DCFA49082089808B00AC8832 /* BaseApp.app */,
			);
			name = Products;
			sourceTree = "<group>";
		};
		DCFA490A2089808B00AC8832 /* BaseApp */ = {
			isa = PBXGroup;
			children = (
				DCFA49212089D6EE00AC8832 /* AppDelegate */,
				DCFA4936208B24FE00AC8832 /* Home */,
				DCFA4935208B24FE00AC8832 /* My */,
				DCFA492B208B22F000AC8832 /* BassClass */,
				DC372777208E0BE70021E402 /* Category */,
				DC0A1C7D211BE6F800E908EC /* Vendor */,
				DC0A1CF4211C1DEA00E908EC /* Request */,
				DCFA49222089D6EE00AC8832 /* Config */,
				DCFA49242089D96400AC8832 /* Other */,
			);
			path = BaseApp;
			sourceTree = "<group>";
		};
		DCFA49212089D6EE00AC8832 /* AppDelegate */ = {
			isa = PBXGroup;
			children = (
				DCFA490B2089808B00AC8832 /* AppDelegate.h */,
				DCFA490C2089808B00AC8832 /* AppDelegate.m */,
			);
			path = AppDelegate;
			sourceTree = "<group>";
		};
		DCFA49222089D6EE00AC8832 /* Config */ = {
			isa = PBXGroup;
			children = (
				DCFA49232089D74C00AC8832 /* PrefixHeader.pch */,
				DCE7947F211ADCD6003D8C63 /* AppMacro.h */,
			);
			path = Config;
			sourceTree = "<group>";
		};
		DCFA49242089D96400AC8832 /* Other */ = {
			isa = PBXGroup;
			children = (
				DCFA49142089808D00AC8832 /* Assets.xcassets */,
				DCFA49192089808D00AC8832 /* Info.plist */,
				DCFA491A2089808D00AC8832 /* main.m */,
			);
			path = Other;
			sourceTree = "<group>";
		};
		DCFA492B208B22F000AC8832 /* BassClass */ = {
			isa = PBXGroup;
			children = (
				DC0A1CED211BEB4100E908EC /* CustomController */,
				DC372772208DFE860021E402 /* System */,
				DC372773208DFEEF0021E402 /* Other */,
			);
			path = BassClass;
			sourceTree = "<group>";
		};
		DCFA4935208B24FE00AC8832 /* My */ = {
			isa = PBXGroup;
			children = (
				DC73203622437E56003DD4DC /* Controller */,
				DC73203722437E56003DD4DC /* Model */,
				DC73203822437E56003DD4DC /* View */,
			);
			path = My;
			sourceTree = "<group>";
		};
		DCFA4936208B24FE00AC8832 /* Home */ = {
			isa = PBXGroup;
			children = (
				DCFA4937208B251800AC8832 /* HomeBaseController.h */,
				DCFA4938208B251800AC8832 /* HomeBaseController.m */,
			);
			path = Home;
			sourceTree = "<group>";
		};
/* End PBXGroup section */

/* Begin PBXNativeTarget section */
		DCFA49072089808B00AC8832 /* BaseApp */ = {
			isa = PBXNativeTarget;
			buildConfigurationList = DCFA491E2089808D00AC8832 /* Build configuration list for PBXNativeTarget "BaseApp" */;
			buildPhases = (
				53307164B1A42FC94A9EE590 /* [CP] Check Pods Manifest.lock */,
				DCFA49042089808B00AC8832 /* Sources */,
				DCFA49052089808B00AC8832 /* Frameworks */,
				DCFA49062089808B00AC8832 /* Resources */,
				DAB2026BCA5A31CC9F134F3D /* [CP] Embed Pods Frameworks */,
			);
			buildRules = (
			);
			dependencies = (
			);
			name = BaseApp;
			productName = BaseApp;
			productReference = DCFA49082089808B00AC8832 /* BaseApp.app */;
			productType = "com.apple.product-type.application";
		};
/* End PBXNativeTarget section */

/* Begin PBXProject section */
		DCFA49002089808B00AC8832 /* Project object */ = {
			isa = PBXProject;
			attributes = {
				LastUpgradeCheck = 0940;
				ORGANIZATIONNAME = PeiJun;
				TargetAttributes = {
					DCFA49072089808B00AC8832 = {
						CreatedOnToolsVersion = 9.4;
						ProvisioningStyle = Automatic;
					};
				};
			};
			buildConfigurationList = DCFA49032089808B00AC8832 /* Build configuration list for PBXProject "BaseApp" */;
			compatibilityVersion = "Xcode 8.0";
			developmentRegion = en;
			hasScannedForEncodings = 0;
			knownRegions = (
				en,
				Base,
				"zh-Hans",
			);
			mainGroup = DCFA48FF2089808B00AC8832;
			productRefGroup = DCFA49092089808B00AC8832 /* Products */;
			projectDirPath = "";
			projectRoot = "";
			targets = (
				DCFA49072089808B00AC8832 /* BaseApp */,
			);
		};
/* End PBXProject section */

/* Begin PBXResourcesBuildPhase section */
		DCFA49062089808B00AC8832 /* Resources */ = {
			isa = PBXResourcesBuildPhase;
			buildActionMask = 2147483647;
			files = (
				DC73203522437481003DD4DC /* WebP.sh in Resources */,
				DCFA49152089808D00AC8832 /* Assets.xcassets in Resources */,
			);
			runOnlyForDeploymentPostprocessing = 0;
		};
/* End PBXResourcesBuildPhase section */

/* Begin PBXShellScriptBuildPhase section */
		53307164B1A42FC94A9EE590 /* [CP] Check Pods Manifest.lock */ = {
			isa = PBXShellScriptBuildPhase;
			buildActionMask = 2147483647;
			files = (
			);
			inputPaths = (
				"${PODS_PODFILE_DIR_PATH}/Podfile.lock",
				"${PODS_ROOT}/Manifest.lock",
			);
			name = "[CP] Check Pods Manifest.lock";
			outputPaths = (
				"$(DERIVED_FILE_DIR)/Pods-BaseApp-checkManifestLockResult.txt",
			);
			runOnlyForDeploymentPostprocessing = 0;
			shellPath = /bin/sh;
			shellScript = "diff \"${PODS_PODFILE_DIR_PATH}/Podfile.lock\" \"${PODS_ROOT}/Manifest.lock\" > /dev/null\nif [ $? != 0 ] ; then\n    # print error to STDERR\n    echo \"error: The sandbox is not in sync with the Podfile.lock. Run 'pod install' or update your CocoaPods installation.\" >&2\n    exit 1\nfi\n# This output is used by Xcode 'outputs' to avoid re-running this script phase.\necho \"SUCCESS\" > \"${SCRIPT_OUTPUT_FILE_0}\"\n";
			showEnvVarsInLog = 0;
		};
		DAB2026BCA5A31CC9F134F3D /* [CP] Embed Pods Frameworks */ = {
			isa = PBXShellScriptBuildPhase;
			buildActionMask = 2147483647;
			files = (
			);
			inputPaths = (
				"${SRCROOT}/Pods/Target Support Files/Pods-BaseApp/Pods-BaseApp-frameworks.sh",
				"${BUILT_PRODUCTS_DIR}/AFNetworking/AFNetworking.framework",
				"${BUILT_PRODUCTS_DIR}/CYLTabBarController/CYLTabBarController.framework",
				"${BUILT_PRODUCTS_DIR}/FLAnimatedImage/FLAnimatedImage.framework",
				"${BUILT_PRODUCTS_DIR}/MBProgressHUD/MBProgressHUD.framework",
				"${BUILT_PRODUCTS_DIR}/MJRefresh/MJRefresh.framework",
				"${BUILT_PRODUCTS_DIR}/Masonry/Masonry.framework",
				"${BUILT_PRODUCTS_DIR}/YYCache/YYCache.framework",
				"${BUILT_PRODUCTS_DIR}/YYImage/YYImage.framework",
				"${BUILT_PRODUCTS_DIR}/YYWebImage/YYWebImage.framework",
			);
			name = "[CP] Embed Pods Frameworks";
			outputPaths = (
				"${TARGET_BUILD_DIR}/${FRAMEWORKS_FOLDER_PATH}/AFNetworking.framework",
				"${TARGET_BUILD_DIR}/${FRAMEWORKS_FOLDER_PATH}/CYLTabBarController.framework",
				"${TARGET_BUILD_DIR}/${FRAMEWORKS_FOLDER_PATH}/FLAnimatedImage.framework",
				"${TARGET_BUILD_DIR}/${FRAMEWORKS_FOLDER_PATH}/MBProgressHUD.framework",
				"${TARGET_BUILD_DIR}/${FRAMEWORKS_FOLDER_PATH}/MJRefresh.framework",
				"${TARGET_BUILD_DIR}/${FRAMEWORKS_FOLDER_PATH}/Masonry.framework",
				"${TARGET_BUILD_DIR}/${FRAMEWORKS_FOLDER_PATH}/YYCache.framework",
				"${TARGET_BUILD_DIR}/${FRAMEWORKS_FOLDER_PATH}/YYImage.framework",
				"${TARGET_BUILD_DIR}/${FRAMEWORKS_FOLDER_PATH}/YYWebImage.framework",
			);
			runOnlyForDeploymentPostprocessing = 0;
			shellPath = /bin/sh;
			shellScript = "\"${SRCROOT}/Pods/Target Support Files/Pods-BaseApp/Pods-BaseApp-frameworks.sh\"\n";
			showEnvVarsInLog = 0;
		};
/* End PBXShellScriptBuildPhase section */

/* Begin PBXSourcesBuildPhase section */
		DCFA49042089808B00AC8832 /* Sources */ = {
			isa = PBXSourcesBuildPhase;
			buildActionMask = 2147483647;
			files = (
				DC72636D211ACE3B00B462A4 /* UIImage+FixOrientation.m in Sources */,
				DCFA4931208B234C00AC8832 /* BaseTabBarController.m in Sources */,
				DC0A1CF3211BEE5D00E908EC /* BaseCollectionViewController.m in Sources */,
				DC7263D9211AD5F500B462A4 /* NSString+IDFV.m in Sources */,
				DC11125F224327A70010C3C5 /* SDWebImageWebPCoder.m in Sources */,
				DC7263A6211AD10100B462A4 /* UIView+Frame.m in Sources */,
				DC0A1CF7211C1E0700E908EC /* BaseRequest.m in Sources */,
				DC111259224327A70010C3C5 /* UIImage+MemoryCacheCost.m in Sources */,
				DC111258224327A70010C3C5 /* SDWebImageGIFCoder.m in Sources */,
				DC7263E4211AD5F500B462A4 /* NSString+IsBlackStr.m in Sources */,
				DC7263E7211AD5F500B462A4 /* NSString+RemoveEscapeChar.m in Sources */,
				DC726379211ACE3B00B462A4 /* NSArray+SafeIndex.m in Sources */,
				DC7263A9211AD13800B462A4 /* UIView+Shadow.m in Sources */,
				DC111256224327A70010C3C5 /* UIImageView+WebCache.m in Sources */,
				DC7263E6211AD5F500B462A4 /* NSString+MonthString.m in Sources */,
				DCFA4934208B24A200AC8832 /* BaseViewController.m in Sources */,
				DC73203B22437E70003DD4DC /* WeatherModel.m in Sources */,
				DC7263DE211AD5F500B462A4 /* SimulateIDFA.m in Sources */,
				DC111247224327A70010C3C5 /* SDWebImageCodersManager.m in Sources */,
				DC111257224327A70010C3C5 /* NSImage+WebCache.m in Sources */,
				DC7263E8211AD5F500B462A4 /* NSString+MD5.m in Sources */,
				DC726394211ACE3B00B462A4 /* UILabel+CreateLabel.m in Sources */,
				DC111243224327A70010C3C5 /* SDWebImageManager.m in Sources */,
				DC7262D5211ACCB400B462A4 /* BaseMJFooter.m in Sources */,
				DC11124F224327A70010C3C5 /* SDWebImageCoder.m in Sources */,
				DC726375211ACE3B00B462A4 /* NSDate+DateFormatter.m in Sources */,
				DC111249224327A70010C3C5 /* SDWebImageDownloader.m in Sources */,
				DC726396211ACE3B00B462A4 /* UILabel+YBAttributeTextTapAction.m in Sources */,
				DC7263DD211AD5F500B462A4 /* NSString+ThousandString.m in Sources */,
				DC111244224327A70010C3C5 /* UIImageView+HighlightedWebCache.m in Sources */,
				DCFA493C208B252500AC8832 /* MyBaseController.m in Sources */,
				DCFA4939208B251800AC8832 /* HomeBaseController.m in Sources */,
				DCFA492E208B232B00AC8832 /* BaseNavigationController.m in Sources */,
				DC72639B211ACE3B00B462A4 /* UIView+CornerRadius.m in Sources */,
				DC7263DB211AD5F500B462A4 /* NSString+NowTimeInterval.m in Sources */,
				DC68C4142241F00E0039FD87 /* BaseCYLPlusButton.m in Sources */,
				DC111242224327A70010C3C5 /* MKAnnotationView+WebCache.m in Sources */,
				DC11125A224327A70010C3C5 /* SDImageCacheConfig.m in Sources */,
				DC7262D2211ACC7C00B462A4 /* BaseMJGifHeader.m in Sources */,
				DC7263DC211AD5F500B462A4 /* NSString+IsCardId.m in Sources */,
				DC726370211ACE3B00B462A4 /* UIButton+CreateButton.m in Sources */,
				DC7263A0211ACE3B00B462A4 /* NSFileManager+Helper.m in Sources */,
				DC7263E9211AD5F500B462A4 /* NSString+DateToAge.m in Sources */,
				DC72637A211ACE3B00B462A4 /* NSMutableArray+SafeAdd.m in Sources */,
				DCFA491B2089808D00AC8832 /* main.m in Sources */,
				DC11125B224327A70010C3C5 /* UIView+WebCacheOperation.m in Sources */,
				DC111241224327A70010C3C5 /* UIImage+WebP.m in Sources */,
				DC7263E5211AD5F500B462A4 /* NSString+IsPhoneNumber.m in Sources */,
				DC111251224327A70010C3C5 /* SDAnimatedImageRep.m in Sources */,
				DC7263EA211AD5F500B462A4 /* NSString+Random.m in Sources */,
				DC72636E211ACE3B00B462A4 /* NSObject+DictWithModel.m in Sources */,
				DC11125E224327A70010C3C5 /* UIButton+WebCache.m in Sources */,
				DC11124E224327A70010C3C5 /* SDWebImagePrefetcher.m in Sources */,
				DC7263E2211AD5F500B462A4 /* NSString+CurrentDevice.m in Sources */,
				DC11124A224327A70010C3C5 /* UIImage+GIF.m in Sources */,
				DC111254224327A70010C3C5 /* SDWebImageTransition.m in Sources */,
				DC11124C224327A70010C3C5 /* SDWebImageCoderHelper.m in Sources */,
				DC372776208DFF670021E402 /* BaseMBProgressHud.m in Sources */,
				DCFA490D2089808B00AC8832 /* AppDelegate.m in Sources */,
				DC0A1CF0211BEB8E00E908EC /* BaseTableViewController.m in Sources */,
				DC111246224327A70010C3C5 /* UIImage+ForceDecode.m in Sources */,
				DC68C4112241EC0F0039FD87 /* BaseCYLTabBarController.m in Sources */,
				DC72639F211ACE3B00B462A4 /* UITextView+LineContent.m in Sources */,
				DC11124D224327A70010C3C5 /* SDWebImageCompat.m in Sources */,
				DC72639C211ACE3B00B462A4 /* UIView+Rotating.m in Sources */,
				DC111252224327A70010C3C5 /* SDImageCache.m in Sources */,
				DC72639E211ACE3B00B462A4 /* ZTextView.m in Sources */,
				DC111248224327A70010C3C5 /* FLAnimatedImageView+WebCache.m in Sources */,
				DC11124B224327A70010C3C5 /* UIImage+MultiFormat.m in Sources */,
				DC0A1C7B211BCF6600E908EC /* WQContainerSafe.m in Sources */,
				DC726395211ACE3B00B462A4 /* UILabel+LineContent.m in Sources */,
				DC11125C224327A70010C3C5 /* UIView+WebCache.m in Sources */,
				DC72636B211ACE3B00B462A4 /* UIImage+GetImageFormate.m in Sources */,
				DC111250224327A70010C3C5 /* NSButton+WebCache.m in Sources */,
				DC111253224327A70010C3C5 /* SDWebImageDownloaderOperation.m in Sources */,
				DC7263EF211AD6BE00B462A4 /* NSString+Json.m in Sources */,
				DC111245224327A70010C3C5 /* SDWebImageFrame.m in Sources */,
				DC72639D211ACE3B00B462A4 /* UIView+DrawDashLine.m in Sources */,
				DC726391211ACE3B00B462A4 /* CALayer+Gradient.m in Sources */,
				DC37277B208F047F0021E402 /* BaseNetWork.m in Sources */,
				DC111255224327A70010C3C5 /* NSData+ImageContentType.m in Sources */,
				DC7263E3211AD5F500B462A4 /* NSString+IsEmail.m in Sources */,
				DC7263A3211ACF5F00B462A4 /* UIColor+Category.m in Sources */,
				DC75E9432240964B00522D17 /* KeychainWrapper.m in Sources */,
				DC7263AC211AD2CB00B462A4 /* UIImage+SizeForUrl.m in Sources */,
				DC11125D224327A70010C3C5 /* SDWebImageImageIOCoder.m in Sources */,
			);
			runOnlyForDeploymentPostprocessing = 0;
		};
/* End PBXSourcesBuildPhase section */

/* Begin XCBuildConfiguration section */
		DCFA491C2089808D00AC8832 /* Debug */ = {
			isa = XCBuildConfiguration;
			buildSettings = {
				ALWAYS_SEARCH_USER_PATHS = NO;
				CLANG_ANALYZER_NONNULL = YES;
				CLANG_ANALYZER_NUMBER_OBJECT_CONVERSION = YES_AGGRESSIVE;
				CLANG_CXX_LANGUAGE_STANDARD = "gnu++14";
				CLANG_CXX_LIBRARY = "libc++";
				CLANG_ENABLE_MODULES = YES;
				CLANG_ENABLE_OBJC_ARC = YES;
				CLANG_ENABLE_OBJC_WEAK = YES;
				CLANG_WARN_BLOCK_CAPTURE_AUTORELEASING = YES;
				CLANG_WARN_BOOL_CONVERSION = YES;
				CLANG_WARN_COMMA = YES;
				CLANG_WARN_CONSTANT_CONVERSION = YES;
				CLANG_WARN_DEPRECATED_OBJC_IMPLEMENTATIONS = YES;
				CLANG_WARN_DIRECT_OBJC_ISA_USAGE = YES_ERROR;
				CLANG_WARN_DOCUMENTATION_COMMENTS = YES;
				CLANG_WARN_EMPTY_BODY = YES;
				CLANG_WARN_ENUM_CONVERSION = YES;
				CLANG_WARN_INFINITE_RECURSION = YES;
				CLANG_WARN_INT_CONVERSION = YES;
				CLANG_WARN_NON_LITERAL_NULL_CONVERSION = YES;
				CLANG_WARN_OBJC_IMPLICIT_RETAIN_SELF = YES;
				CLANG_WARN_OBJC_LITERAL_CONVERSION = YES;
				CLANG_WARN_OBJC_ROOT_CLASS = YES_ERROR;
				CLANG_WARN_RANGE_LOOP_ANALYSIS = YES;
				CLANG_WARN_STRICT_PROTOTYPES = YES;
				CLANG_WARN_SUSPICIOUS_MOVE = YES;
				CLANG_WARN_UNGUARDED_AVAILABILITY = YES_AGGRESSIVE;
				CLANG_WARN_UNREACHABLE_CODE = YES;
				CLANG_WARN__DUPLICATE_METHOD_MATCH = YES;
				CODE_SIGN_IDENTITY = "iPhone Developer";
				COPY_PHASE_STRIP = NO;
				DEBUG_INFORMATION_FORMAT = dwarf;
				ENABLE_STRICT_OBJC_MSGSEND = YES;
				ENABLE_TESTABILITY = YES;
				GCC_C_LANGUAGE_STANDARD = gnu11;
				GCC_DYNAMIC_NO_PIC = NO;
				GCC_NO_COMMON_BLOCKS = YES;
				GCC_OPTIMIZATION_LEVEL = 0;
				GCC_PREPROCESSOR_DEFINITIONS = (
					"DEBUG=1",
					"$(inherited)",
				);
				GCC_WARN_64_TO_32_BIT_CONVERSION = YES;
				GCC_WARN_ABOUT_RETURN_TYPE = YES_ERROR;
				GCC_WARN_UNDECLARED_SELECTOR = YES;
				GCC_WARN_UNINITIALIZED_AUTOS = YES_AGGRESSIVE;
				GCC_WARN_UNUSED_FUNCTION = YES;
				GCC_WARN_UNUSED_VARIABLE = YES;
				IPHONEOS_DEPLOYMENT_TARGET = 8.0;
				MTL_ENABLE_DEBUG_INFO = YES;
				ONLY_ACTIVE_ARCH = YES;
				SDKROOT = iphoneos;
			};
			name = Debug;
		};
		DCFA491D2089808D00AC8832 /* Release */ = {
			isa = XCBuildConfiguration;
			buildSettings = {
				ALWAYS_SEARCH_USER_PATHS = NO;
				CLANG_ANALYZER_NONNULL = YES;
				CLANG_ANALYZER_NUMBER_OBJECT_CONVERSION = YES_AGGRESSIVE;
				CLANG_CXX_LANGUAGE_STANDARD = "gnu++14";
				CLANG_CXX_LIBRARY = "libc++";
				CLANG_ENABLE_MODULES = YES;
				CLANG_ENABLE_OBJC_ARC = YES;
				CLANG_ENABLE_OBJC_WEAK = YES;
				CLANG_WARN_BLOCK_CAPTURE_AUTORELEASING = YES;
				CLANG_WARN_BOOL_CONVERSION = YES;
				CLANG_WARN_COMMA = YES;
				CLANG_WARN_CONSTANT_CONVERSION = YES;
				CLANG_WARN_DEPRECATED_OBJC_IMPLEMENTATIONS = YES;
				CLANG_WARN_DIRECT_OBJC_ISA_USAGE = YES_ERROR;
				CLANG_WARN_DOCUMENTATION_COMMENTS = YES;
				CLANG_WARN_EMPTY_BODY = YES;
				CLANG_WARN_ENUM_CONVERSION = YES;
				CLANG_WARN_INFINITE_RECURSION = YES;
				CLANG_WARN_INT_CONVERSION = YES;
				CLANG_WARN_NON_LITERAL_NULL_CONVERSION = YES;
				CLANG_WARN_OBJC_IMPLICIT_RETAIN_SELF = YES;
				CLANG_WARN_OBJC_LITERAL_CONVERSION = YES;
				CLANG_WARN_OBJC_ROOT_CLASS = YES_ERROR;
				CLANG_WARN_RANGE_LOOP_ANALYSIS = YES;
				CLANG_WARN_STRICT_PROTOTYPES = YES;
				CLANG_WARN_SUSPICIOUS_MOVE = YES;
				CLANG_WARN_UNGUARDED_AVAILABILITY = YES_AGGRESSIVE;
				CLANG_WARN_UNREACHABLE_CODE = YES;
				CLANG_WARN__DUPLICATE_METHOD_MATCH = YES;
				CODE_SIGN_IDENTITY = "iPhone Developer";
				COPY_PHASE_STRIP = NO;
				DEBUG_INFORMATION_FORMAT = "dwarf-with-dsym";
				ENABLE_NS_ASSERTIONS = NO;
				ENABLE_STRICT_OBJC_MSGSEND = YES;
				GCC_C_LANGUAGE_STANDARD = gnu11;
				GCC_NO_COMMON_BLOCKS = YES;
				GCC_WARN_64_TO_32_BIT_CONVERSION = YES;
				GCC_WARN_ABOUT_RETURN_TYPE = YES_ERROR;
				GCC_WARN_UNDECLARED_SELECTOR = YES;
				GCC_WARN_UNINITIALIZED_AUTOS = YES_AGGRESSIVE;
				GCC_WARN_UNUSED_FUNCTION = YES;
				GCC_WARN_UNUSED_VARIABLE = YES;
				IPHONEOS_DEPLOYMENT_TARGET = 8.0;
				MTL_ENABLE_DEBUG_INFO = NO;
				SDKROOT = iphoneos;
				VALIDATE_PRODUCT = YES;
			};
			name = Release;
		};
		DCFA491F2089808D00AC8832 /* Debug */ = {
			isa = XCBuildConfiguration;
			baseConfigurationReference = AC0BA497A2E66855E15822A9 /* Pods-BaseApp.debug.xcconfig */;
			buildSettings = {
				ASSETCATALOG_COMPILER_APPICON_NAME = AppIcon;
				ASSETCATALOG_COMPILER_LAUNCHIMAGE_NAME = LaunchImage;
				CODE_SIGN_IDENTITY = "iPhone Developer";
				CODE_SIGN_STYLE = Automatic;
				DEVELOPMENT_TEAM = ATHQN5357C;
				FRAMEWORK_SEARCH_PATHS = (
					"$(inherited)",
					"$(PROJECT_DIR)/BaseApp/Vendor/webp",
					"$(PROJECT_DIR)/BaseApp/Vendor/WebpFiles",
				);
				GCC_PRECOMPILE_PREFIX_HEADER = YES;
				GCC_PREFIX_HEADER = "$(SRCROOT)/BaseApp/Config/PrefixHeader.pch";
				GCC_PREPROCESSOR_DEFINITIONS = (
					"$(inherited)",
					"COCOAPODS=1",
					"SD_WEBP=1",
				);
				INFOPLIST_FILE = BaseApp/Other/Info.plist;
				IPHONEOS_DEPLOYMENT_TARGET = 8.0;
				LD_RUNPATH_SEARCH_PATHS = "$(inherited) @executable_path/Frameworks";
				MACH_O_TYPE = mh_execute;
				PRODUCT_BUNDLE_IDENTIFIER = com.zpj.base;
				PRODUCT_NAME = "$(TARGET_NAME)";
				PROVISIONING_PROFILE_SPECIFIER = "";
				TARGETED_DEVICE_FAMILY = "1,2";
			};
			name = Debug;
		};
		DCFA49202089808D00AC8832 /* Release */ = {
			isa = XCBuildConfiguration;
			baseConfigurationReference = 3A39DD2F6B4C41841E1894ED /* Pods-BaseApp.release.xcconfig */;
			buildSettings = {
				ASSETCATALOG_COMPILER_APPICON_NAME = AppIcon;
				ASSETCATALOG_COMPILER_LAUNCHIMAGE_NAME = LaunchImage;
				CODE_SIGN_IDENTITY = "iPhone Developer";
				CODE_SIGN_STYLE = Automatic;
				DEVELOPMENT_TEAM = ATHQN5357C;
				FRAMEWORK_SEARCH_PATHS = (
					"$(inherited)",
					"$(PROJECT_DIR)/BaseApp/Vendor/webp",
					"$(PROJECT_DIR)/BaseApp/Vendor/WebpFiles",
				);
				GCC_PRECOMPILE_PREFIX_HEADER = YES;
				GCC_PREFIX_HEADER = "$(SRCROOT)/BaseApp/Config/PrefixHeader.pch";
				GCC_PREPROCESSOR_DEFINITIONS = (
					"$(inherited)",
					"COCOAPODS=1",
					"SD_WEBP=1",
				);
				INFOPLIST_FILE = BaseApp/Other/Info.plist;
				IPHONEOS_DEPLOYMENT_TARGET = 8.0;
				LD_RUNPATH_SEARCH_PATHS = "$(inherited) @executable_path/Frameworks";
				MACH_O_TYPE = mh_execute;
				PRODUCT_BUNDLE_IDENTIFIER = com.zpj.base;
				PRODUCT_NAME = "$(TARGET_NAME)";
				PROVISIONING_PROFILE_SPECIFIER = "";
				TARGETED_DEVICE_FAMILY = "1,2";
			};
			name = Release;
		};
/* End XCBuildConfiguration section */

/* Begin XCConfigurationList section */
		DCFA49032089808B00AC8832 /* Build configuration list for PBXProject "BaseApp" */ = {
			isa = XCConfigurationList;
			buildConfigurations = (
				DCFA491C2089808D00AC8832 /* Debug */,
				DCFA491D2089808D00AC8832 /* Release */,
			);
			defaultConfigurationIsVisible = 0;
			defaultConfigurationName = Release;
		};
		DCFA491E2089808D00AC8832 /* Build configuration list for PBXNativeTarget "BaseApp" */ = {
			isa = XCConfigurationList;
			buildConfigurations = (
				DCFA491F2089808D00AC8832 /* Debug */,
				DCFA49202089808D00AC8832 /* Release */,
			);
			defaultConfigurationIsVisible = 0;
			defaultConfigurationName = Release;
		};
/* End XCConfigurationList section */
	};
	rootObject = DCFA49002089808B00AC8832 /* Project object */;
}
